
Microsoft Visual Studio Solution File, Format Version 12.00
# Visual Studio Version 17
VisualStudioVersion = 17.0.31903.59
MinimumVisualStudioVersion = 10.0.40219.1
Project("{2150E333-8FDC-42A3-9474-1A3956D46DE8}") = "Unity", "Unity", "{914C77C9-212A-4DD0-8D9A-074620E77FAA}"
EndProject
Project("{2150E333-8FDC-42A3-9474-1A3956D46DE8}") = "DotNet", "DotNet", "{46008B91-6EC0-448B-8D1A-D8C6D2EEBEF4}"
EndProject
Project("{FAE04EC0-301F-11D3-BF4B-00C04F79EFBC}") = "DotNet.App", "DotNet\App\DotNet.App.csproj", "{CCF5D7E3-D5C6-4DE6-BB2D-1A931602F1AB}"
EndProject
Project("{FAE04EC0-301F-11D3-BF4B-00C04F79EFBC}") = "DotNet.Hotfix", "DotNet\Hotfix\DotNet.Hotfix.csproj", "{1059524B-9F01-4C3E-8A7C-6BBDD1D174C7}"
EndProject
Project("{FAE04EC0-301F-11D3-BF4B-00C04F79EFBC}") = "DotNet.Model", "DotNet\Model\DotNet.Model.csproj", "{6AFC109E-85DE-4A14-9C81-95D93C3F90AE}"
EndProject
Project("{FAE04EC0-301F-11D3-BF4B-00C04F79EFBC}") = "DotNet.ET", "DotNet\ET\DotNet.ET.csproj", "{4B15C845-B5BD-4105-AE91-9B057F8AC134}"
EndProject
Project("{2150E333-8FDC-42A3-9474-1A3956D46DE8}") = "Share", "Share", "{1272AF7B-A962-4BA4-8A9C-FFA7E131A0AC}"
EndProject
Project("{FAE04EC0-301F-11D3-BF4B-00C04F79EFBC}") = "Share.Analyzer", "Share\Analyzer\Share.Analyzer.csproj", "{FCB2EF97-BA34-49F7-B859-68E1AC98877E}"
EndProject
Project("{FAE04EC0-301F-11D3-BF4B-00C04F79EFBC}") = "Share.Tool", "Share\Tool\Share.Tool.csproj", "{1D028A2B-515C-49E2-923B-094CBD89BE5A}"
EndProject
Project("{FAE04EC0-301F-11D3-BF4B-00C04F79EFBC}") = "DotNet.Loader", "DotNet\Loader\DotNet.Loader.csproj", "{1D5E890A-C9D5-45DF-B098-73DBE39EB311}"
EndProject
Project("{FAE04EC0-301F-11D3-BF4B-00C04F79EFBC}") = "Code.ET.Code.Hotfix", "Unity\Code.ET.Code.Hotfix.csproj", "{7B7706D2-9AD8-99C4-38C0-A2B4E2BB695B}"
EndProject
Project("{FAE04EC0-301F-11D3-BF4B-00C04F79EFBC}") = "Code.ET.Code.HotfixView", "Unity\Code.ET.Code.HotfixView.csproj", "{BA19B4C2-C500-D6E3-4CEB-4A1750ABB636}"
EndProject
Project("{FAE04EC0-301F-11D3-BF4B-00C04F79EFBC}") = "Code.ET.Code.Model", "Unity\Code.ET.Code.Model.csproj", "{A0F692F8-6857-68A6-0D71-D68609B94393}"
EndProject
Project("{FAE04EC0-301F-11D3-BF4B-00C04F79EFBC}") = "Code.ET.Code.ModelView", "Unity\Code.ET.Code.ModelView.csproj", "{8F8C72FC-2E1D-AD04-CE49-B6F1C333D94A}"
EndProject
Project("{FAE04EC0-301F-11D3-BF4B-00C04F79EFBC}") = "Code.ET.Loader", "Unity\Code.ET.Loader.csproj", "{1DB4130D-2D2D-AA94-105A-6037AEF3A97F}"
EndProject
Project("{FAE04EC0-301F-11D3-BF4B-00C04F79EFBC}") = "ET.Runtime", "Unity\ET.Runtime.csproj", "{0ED416B2-7BF9-A601-C89F-DA6F3F394E6B}"
EndProject
Project("{FAE04EC0-301F-11D3-BF4B-00C04F79EFBC}") = "LubanLib.Runtime", "Unity\LubanLib.Runtime.csproj", "{12DBF77A-4817-E3C0-D1E8-76EC00954BCE}"
EndProject
Project("{FAE04EC0-301F-11D3-BF4B-00C04F79EFBC}") = "ProtoBuf", "Unity\ProtoBuf.csproj", "{62E907F9-A5AE-6AC6-47C8-19922FFB9C33}"
EndProject
Project("{FAE04EC0-301F-11D3-BF4B-00C04F79EFBC}") = "Code", "Unity\Code.csproj", "{F53AC188-5E36-DFAD-25F6-EDD5D05E51AE}"
EndProject
Project("{FAE04EC0-301F-11D3-BF4B-00C04F79EFBC}") = "UnityGameFramework.Runtime", "Unity\UnityGameFramework.Runtime.csproj", "{F3957A05-32FB-7A1D-1800-93B541CF6D76}"
EndProject
Project("{FAE04EC0-301F-11D3-BF4B-00C04F79EFBC}") = "UnityGameFramework.Extension.Runtime", "Unity\UnityGameFramework.Extension.Runtime.csproj", "{95B085A9-6DAD-2FD8-C372-5C7D839CD844}"
EndProject
Project("{FAE04EC0-301F-11D3-BF4B-00C04F79EFBC}") = "GameFramework", "Unity\GameFramework.csproj", "{99F19A12-8911-B619-55FB-E6FF52055C84}"
EndProject
Project("{2150E333-8FDC-42A3-9474-1A3956D46DE8}") = "Code.ET", "Code.ET", "{77B9CF0B-8094-494D-9771-0D45DA5CC4B9}"
EndProject
Project("{FAE04EC0-301F-11D3-BF4B-00C04F79EFBC}") = "CatJson", "Unity\CatJson.csproj", "{3DA15994-C665-7F93-C070-E7405559351A}"
EndProject
Global
	GlobalSection(SolutionConfigurationPlatforms) = preSolution
		Debug|Any CPU = Debug|Any CPU
		Debug|x64 = Debug|x64
		Debug|x86 = Debug|x86
		Release|Any CPU = Release|Any CPU
		Release|x64 = Release|x64
		Release|x86 = Release|x86
	EndGlobalSection
	GlobalSection(ProjectConfigurationPlatforms) = postSolution
		{CCF5D7E3-D5C6-4DE6-BB2D-1A931602F1AB}.Debug|x64.ActiveCfg = Debug|Any CPU
		{CCF5D7E3-D5C6-4DE6-BB2D-1A931602F1AB}.Debug|x64.Build.0 = Debug|Any CPU
		{CCF5D7E3-D5C6-4DE6-BB2D-1A931602F1AB}.Debug|x86.ActiveCfg = Debug|Any CPU
		{CCF5D7E3-D5C6-4DE6-BB2D-1A931602F1AB}.Debug|x86.Build.0 = Debug|Any CPU
		{CCF5D7E3-D5C6-4DE6-BB2D-1A931602F1AB}.Release|Any CPU.ActiveCfg = Release|Any CPU
		{CCF5D7E3-D5C6-4DE6-BB2D-1A931602F1AB}.Release|Any CPU.Build.0 = Release|Any CPU
		{CCF5D7E3-D5C6-4DE6-BB2D-1A931602F1AB}.Release|x64.ActiveCfg = Release|Any CPU
		{CCF5D7E3-D5C6-4DE6-BB2D-1A931602F1AB}.Release|x64.Build.0 = Release|Any CPU
		{CCF5D7E3-D5C6-4DE6-BB2D-1A931602F1AB}.Release|x86.ActiveCfg = Release|Any CPU
		{CCF5D7E3-D5C6-4DE6-BB2D-1A931602F1AB}.Release|x86.Build.0 = Release|Any CPU
		{CCF5D7E3-D5C6-4DE6-BB2D-1A931602F1AB}.Debug|Any CPU.ActiveCfg = Debug|Any CPU
		{CCF5D7E3-D5C6-4DE6-BB2D-1A931602F1AB}.Debug|Any CPU.Build.0 = Debug|Any CPU
		{1059524B-9F01-4C3E-8A7C-6BBDD1D174C7}.Debug|x64.ActiveCfg = Debug|Any CPU
		{1059524B-9F01-4C3E-8A7C-6BBDD1D174C7}.Debug|x64.Build.0 = Debug|Any CPU
		{1059524B-9F01-4C3E-8A7C-6BBDD1D174C7}.Debug|x86.ActiveCfg = Debug|Any CPU
		{1059524B-9F01-4C3E-8A7C-6BBDD1D174C7}.Debug|x86.Build.0 = Debug|Any CPU
		{1059524B-9F01-4C3E-8A7C-6BBDD1D174C7}.Release|Any CPU.ActiveCfg = Release|Any CPU
		{1059524B-9F01-4C3E-8A7C-6BBDD1D174C7}.Release|Any CPU.Build.0 = Release|Any CPU
		{1059524B-9F01-4C3E-8A7C-6BBDD1D174C7}.Release|x64.ActiveCfg = Release|Any CPU
		{1059524B-9F01-4C3E-8A7C-6BBDD1D174C7}.Release|x64.Build.0 = Release|Any CPU
		{1059524B-9F01-4C3E-8A7C-6BBDD1D174C7}.Release|x86.ActiveCfg = Release|Any CPU
		{1059524B-9F01-4C3E-8A7C-6BBDD1D174C7}.Release|x86.Build.0 = Release|Any CPU
		{1059524B-9F01-4C3E-8A7C-6BBDD1D174C7}.Debug|Any CPU.ActiveCfg = Debug|Any CPU
		{1059524B-9F01-4C3E-8A7C-6BBDD1D174C7}.Debug|Any CPU.Build.0 = Debug|Any CPU
		{6AFC109E-85DE-4A14-9C81-95D93C3F90AE}.Debug|x64.ActiveCfg = Debug|Any CPU
		{6AFC109E-85DE-4A14-9C81-95D93C3F90AE}.Debug|x64.Build.0 = Debug|Any CPU
		{6AFC109E-85DE-4A14-9C81-95D93C3F90AE}.Debug|x86.ActiveCfg = Debug|Any CPU
		{6AFC109E-85DE-4A14-9C81-95D93C3F90AE}.Debug|x86.Build.0 = Debug|Any CPU
		{6AFC109E-85DE-4A14-9C81-95D93C3F90AE}.Release|Any CPU.ActiveCfg = Release|Any CPU
		{6AFC109E-85DE-4A14-9C81-95D93C3F90AE}.Release|Any CPU.Build.0 = Release|Any CPU
		{6AFC109E-85DE-4A14-9C81-95D93C3F90AE}.Release|x64.ActiveCfg = Release|Any CPU
		{6AFC109E-85DE-4A14-9C81-95D93C3F90AE}.Release|x64.Build.0 = Release|Any CPU
		{6AFC109E-85DE-4A14-9C81-95D93C3F90AE}.Release|x86.ActiveCfg = Release|Any CPU
		{6AFC109E-85DE-4A14-9C81-95D93C3F90AE}.Release|x86.Build.0 = Release|Any CPU
		{6AFC109E-85DE-4A14-9C81-95D93C3F90AE}.Debug|Any CPU.ActiveCfg = Debug|Any CPU
		{6AFC109E-85DE-4A14-9C81-95D93C3F90AE}.Debug|Any CPU.Build.0 = Debug|Any CPU
		{4B15C845-B5BD-4105-AE91-9B057F8AC134}.Debug|x64.ActiveCfg = Debug|Any CPU
		{4B15C845-B5BD-4105-AE91-9B057F8AC134}.Debug|x64.Build.0 = Debug|Any CPU
		{4B15C845-B5BD-4105-AE91-9B057F8AC134}.Debug|x86.ActiveCfg = Debug|Any CPU
		{4B15C845-B5BD-4105-AE91-9B057F8AC134}.Debug|x86.Build.0 = Debug|Any CPU
		{4B15C845-B5BD-4105-AE91-9B057F8AC134}.Release|Any CPU.ActiveCfg = Release|Any CPU
		{4B15C845-B5BD-4105-AE91-9B057F8AC134}.Release|Any CPU.Build.0 = Release|Any CPU
		{4B15C845-B5BD-4105-AE91-9B057F8AC134}.Release|x64.ActiveCfg = Release|Any CPU
		{4B15C845-B5BD-4105-AE91-9B057F8AC134}.Release|x64.Build.0 = Release|Any CPU
		{4B15C845-B5BD-4105-AE91-9B057F8AC134}.Release|x86.ActiveCfg = Release|Any CPU
		{4B15C845-B5BD-4105-AE91-9B057F8AC134}.Release|x86.Build.0 = Release|Any CPU
		{4B15C845-B5BD-4105-AE91-9B057F8AC134}.Debug|Any CPU.ActiveCfg = Debug|Any CPU
		{4B15C845-B5BD-4105-AE91-9B057F8AC134}.Debug|Any CPU.Build.0 = Debug|Any CPU
		{FCB2EF97-BA34-49F7-B859-68E1AC98877E}.Debug|Any CPU.ActiveCfg = Debug|Any CPU
		{FCB2EF97-BA34-49F7-B859-68E1AC98877E}.Debug|Any CPU.Build.0 = Debug|Any CPU
		{FCB2EF97-BA34-49F7-B859-68E1AC98877E}.Debug|x64.ActiveCfg = Debug|Any CPU
		{FCB2EF97-BA34-49F7-B859-68E1AC98877E}.Debug|x64.Build.0 = Debug|Any CPU
		{FCB2EF97-BA34-49F7-B859-68E1AC98877E}.Debug|x86.ActiveCfg = Debug|Any CPU
		{FCB2EF97-BA34-49F7-B859-68E1AC98877E}.Debug|x86.Build.0 = Debug|Any CPU
		{FCB2EF97-BA34-49F7-B859-68E1AC98877E}.Release|Any CPU.ActiveCfg = Release|Any CPU
		{FCB2EF97-BA34-49F7-B859-68E1AC98877E}.Release|Any CPU.Build.0 = Release|Any CPU
		{FCB2EF97-BA34-49F7-B859-68E1AC98877E}.Release|x64.ActiveCfg = Release|Any CPU
		{FCB2EF97-BA34-49F7-B859-68E1AC98877E}.Release|x64.Build.0 = Release|Any CPU
		{FCB2EF97-BA34-49F7-B859-68E1AC98877E}.Release|x86.ActiveCfg = Release|Any CPU
		{FCB2EF97-BA34-49F7-B859-68E1AC98877E}.Release|x86.Build.0 = Release|Any CPU
		{1D028A2B-515C-49E2-923B-094CBD89BE5A}.Debug|Any CPU.ActiveCfg = Debug|Any CPU
		{1D028A2B-515C-49E2-923B-094CBD89BE5A}.Debug|Any CPU.Build.0 = Debug|Any CPU
		{1D028A2B-515C-49E2-923B-094CBD89BE5A}.Debug|x64.ActiveCfg = Debug|Any CPU
		{1D028A2B-515C-49E2-923B-094CBD89BE5A}.Debug|x64.Build.0 = Debug|Any CPU
		{1D028A2B-515C-49E2-923B-094CBD89BE5A}.Debug|x86.ActiveCfg = Debug|Any CPU
		{1D028A2B-515C-49E2-923B-094CBD89BE5A}.Debug|x86.Build.0 = Debug|Any CPU
		{1D028A2B-515C-49E2-923B-094CBD89BE5A}.Release|Any CPU.ActiveCfg = Release|Any CPU
		{1D028A2B-515C-49E2-923B-094CBD89BE5A}.Release|Any CPU.Build.0 = Release|Any CPU
		{1D028A2B-515C-49E2-923B-094CBD89BE5A}.Release|x64.ActiveCfg = Release|Any CPU
		{1D028A2B-515C-49E2-923B-094CBD89BE5A}.Release|x64.Build.0 = Release|Any CPU
		{1D028A2B-515C-49E2-923B-094CBD89BE5A}.Release|x86.ActiveCfg = Release|Any CPU
		{1D028A2B-515C-49E2-923B-094CBD89BE5A}.Release|x86.Build.0 = Release|Any CPU
		{1D5E890A-C9D5-45DF-B098-73DBE39EB311}.Debug|Any CPU.ActiveCfg = Debug|Any CPU
		{1D5E890A-C9D5-45DF-B098-73DBE39EB311}.Debug|Any CPU.Build.0 = Debug|Any CPU
		{1D5E890A-C9D5-45DF-B098-73DBE39EB311}.Debug|x64.ActiveCfg = Debug|Any CPU
		{1D5E890A-C9D5-45DF-B098-73DBE39EB311}.Debug|x64.Build.0 = Debug|Any CPU
		{1D5E890A-C9D5-45DF-B098-73DBE39EB311}.Debug|x86.ActiveCfg = Debug|Any CPU
		{1D5E890A-C9D5-45DF-B098-73DBE39EB311}.Debug|x86.Build.0 = Debug|Any CPU
		{1D5E890A-C9D5-45DF-B098-73DBE39EB311}.Release|Any CPU.ActiveCfg = Release|Any CPU
		{1D5E890A-C9D5-45DF-B098-73DBE39EB311}.Release|Any CPU.Build.0 = Release|Any CPU
		{1D5E890A-C9D5-45DF-B098-73DBE39EB311}.Release|x64.ActiveCfg = Release|Any CPU
		{1D5E890A-C9D5-45DF-B098-73DBE39EB311}.Release|x64.Build.0 = Release|Any CPU
		{1D5E890A-C9D5-45DF-B098-73DBE39EB311}.Release|x86.ActiveCfg = Release|Any CPU
		{1D5E890A-C9D5-45DF-B098-73DBE39EB311}.Release|x86.Build.0 = Release|Any CPU
		{7B7706D2-9AD8-99C4-38C0-A2B4E2BB695B}.Debug|Any CPU.ActiveCfg = Debug|Any CPU
		{7B7706D2-9AD8-99C4-38C0-A2B4E2BB695B}.Debug|Any CPU.Build.0 = Debug|Any CPU
		{7B7706D2-9AD8-99C4-38C0-A2B4E2BB695B}.Debug|x64.ActiveCfg = Debug|Any CPU
		{7B7706D2-9AD8-99C4-38C0-A2B4E2BB695B}.Debug|x64.Build.0 = Debug|Any CPU
		{7B7706D2-9AD8-99C4-38C0-A2B4E2BB695B}.Debug|x86.ActiveCfg = Debug|Any CPU
		{7B7706D2-9AD8-99C4-38C0-A2B4E2BB695B}.Debug|x86.Build.0 = Debug|Any CPU
		{7B7706D2-9AD8-99C4-38C0-A2B4E2BB695B}.Release|Any CPU.ActiveCfg = Debug|Any CPU
		{7B7706D2-9AD8-99C4-38C0-A2B4E2BB695B}.Release|Any CPU.Build.0 = Debug|Any CPU
		{7B7706D2-9AD8-99C4-38C0-A2B4E2BB695B}.Release|x64.ActiveCfg = Debug|Any CPU
		{7B7706D2-9AD8-99C4-38C0-A2B4E2BB695B}.Release|x64.Build.0 = Debug|Any CPU
		{7B7706D2-9AD8-99C4-38C0-A2B4E2BB695B}.Release|x86.ActiveCfg = Debug|Any CPU
		{7B7706D2-9AD8-99C4-38C0-A2B4E2BB695B}.Release|x86.Build.0 = Debug|Any CPU
		{BA19B4C2-C500-D6E3-4CEB-4A1750ABB636}.Debug|Any CPU.ActiveCfg = Debug|Any CPU
		{BA19B4C2-C500-D6E3-4CEB-4A1750ABB636}.Debug|Any CPU.Build.0 = Debug|Any CPU
		{BA19B4C2-C500-D6E3-4CEB-4A1750ABB636}.Debug|x64.ActiveCfg = Debug|Any CPU
		{BA19B4C2-C500-D6E3-4CEB-4A1750ABB636}.Debug|x64.Build.0 = Debug|Any CPU
		{BA19B4C2-C500-D6E3-4CEB-4A1750ABB636}.Debug|x86.ActiveCfg = Debug|Any CPU
		{BA19B4C2-C500-D6E3-4CEB-4A1750ABB636}.Debug|x86.Build.0 = Debug|Any CPU
		{BA19B4C2-C500-D6E3-4CEB-4A1750ABB636}.Release|Any CPU.ActiveCfg = Debug|Any CPU
		{BA19B4C2-C500-D6E3-4CEB-4A1750ABB636}.Release|Any CPU.Build.0 = Debug|Any CPU
		{BA19B4C2-C500-D6E3-4CEB-4A1750ABB636}.Release|x64.ActiveCfg = Debug|Any CPU
		{BA19B4C2-C500-D6E3-4CEB-4A1750ABB636}.Release|x64.Build.0 = Debug|Any CPU
		{BA19B4C2-C500-D6E3-4CEB-4A1750ABB636}.Release|x86.ActiveCfg = Debug|Any CPU
		{BA19B4C2-C500-D6E3-4CEB-4A1750ABB636}.Release|x86.Build.0 = Debug|Any CPU
		{A0F692F8-6857-68A6-0D71-D68609B94393}.Debug|Any CPU.ActiveCfg = Debug|Any CPU
		{A0F692F8-6857-68A6-0D71-D68609B94393}.Debug|Any CPU.Build.0 = Debug|Any CPU
		{A0F692F8-6857-68A6-0D71-D68609B94393}.Debug|x64.ActiveCfg = Debug|Any CPU
		{A0F692F8-6857-68A6-0D71-D68609B94393}.Debug|x64.Build.0 = Debug|Any CPU
		{A0F692F8-6857-68A6-0D71-D68609B94393}.Debug|x86.ActiveCfg = Debug|Any CPU
		{A0F692F8-6857-68A6-0D71-D68609B94393}.Debug|x86.Build.0 = Debug|Any CPU
		{A0F692F8-6857-68A6-0D71-D68609B94393}.Release|Any CPU.ActiveCfg = Debug|Any CPU
		{A0F692F8-6857-68A6-0D71-D68609B94393}.Release|Any CPU.Build.0 = Debug|Any CPU
		{A0F692F8-6857-68A6-0D71-D68609B94393}.Release|x64.ActiveCfg = Debug|Any CPU
		{A0F692F8-6857-68A6-0D71-D68609B94393}.Release|x64.Build.0 = Debug|Any CPU
		{A0F692F8-6857-68A6-0D71-D68609B94393}.Release|x86.ActiveCfg = Debug|Any CPU
		{A0F692F8-6857-68A6-0D71-D68609B94393}.Release|x86.Build.0 = Debug|Any CPU
		{8F8C72FC-2E1D-AD04-CE49-B6F1C333D94A}.Debug|Any CPU.ActiveCfg = Debug|Any CPU
		{8F8C72FC-2E1D-AD04-CE49-B6F1C333D94A}.Debug|Any CPU.Build.0 = Debug|Any CPU
		{8F8C72FC-2E1D-AD04-CE49-B6F1C333D94A}.Debug|x64.ActiveCfg = Debug|Any CPU
		{8F8C72FC-2E1D-AD04-CE49-B6F1C333D94A}.Debug|x64.Build.0 = Debug|Any CPU
		{8F8C72FC-2E1D-AD04-CE49-B6F1C333D94A}.Debug|x86.ActiveCfg = Debug|Any CPU
		{8F8C72FC-2E1D-AD04-CE49-B6F1C333D94A}.Debug|x86.Build.0 = Debug|Any CPU
		{8F8C72FC-2E1D-AD04-CE49-B6F1C333D94A}.Release|Any CPU.ActiveCfg = Debug|Any CPU
		{8F8C72FC-2E1D-AD04-CE49-B6F1C333D94A}.Release|Any CPU.Build.0 = Debug|Any CPU
		{8F8C72FC-2E1D-AD04-CE49-B6F1C333D94A}.Release|x64.ActiveCfg = Debug|Any CPU
		{8F8C72FC-2E1D-AD04-CE49-B6F1C333D94A}.Release|x64.Build.0 = Debug|Any CPU
		{8F8C72FC-2E1D-AD04-CE49-B6F1C333D94A}.Release|x86.ActiveCfg = Debug|Any CPU
		{8F8C72FC-2E1D-AD04-CE49-B6F1C333D94A}.Release|x86.Build.0 = Debug|Any CPU
		{1DB4130D-2D2D-AA94-105A-6037AEF3A97F}.Debug|Any CPU.ActiveCfg = Debug|Any CPU
		{1DB4130D-2D2D-AA94-105A-6037AEF3A97F}.Debug|Any CPU.Build.0 = Debug|Any CPU
		{1DB4130D-2D2D-AA94-105A-6037AEF3A97F}.Debug|x64.ActiveCfg = Debug|Any CPU
		{1DB4130D-2D2D-AA94-105A-6037AEF3A97F}.Debug|x64.Build.0 = Debug|Any CPU
		{1DB4130D-2D2D-AA94-105A-6037AEF3A97F}.Debug|x86.ActiveCfg = Debug|Any CPU
		{1DB4130D-2D2D-AA94-105A-6037AEF3A97F}.Debug|x86.Build.0 = Debug|Any CPU
		{1DB4130D-2D2D-AA94-105A-6037AEF3A97F}.Release|Any CPU.ActiveCfg = Debug|Any CPU
		{1DB4130D-2D2D-AA94-105A-6037AEF3A97F}.Release|Any CPU.Build.0 = Debug|Any CPU
		{1DB4130D-2D2D-AA94-105A-6037AEF3A97F}.Release|x64.ActiveCfg = Debug|Any CPU
		{1DB4130D-2D2D-AA94-105A-6037AEF3A97F}.Release|x64.Build.0 = Debug|Any CPU
		{1DB4130D-2D2D-AA94-105A-6037AEF3A97F}.Release|x86.ActiveCfg = Debug|Any CPU
		{1DB4130D-2D2D-AA94-105A-6037AEF3A97F}.Release|x86.Build.0 = Debug|Any CPU
		{0ED416B2-7BF9-A601-C89F-DA6F3F394E6B}.Debug|Any CPU.ActiveCfg = Debug|Any CPU
		{0ED416B2-7BF9-A601-C89F-DA6F3F394E6B}.Debug|Any CPU.Build.0 = Debug|Any CPU
		{0ED416B2-7BF9-A601-C89F-DA6F3F394E6B}.Debug|x64.ActiveCfg = Debug|Any CPU
		{0ED416B2-7BF9-A601-C89F-DA6F3F394E6B}.Debug|x64.Build.0 = Debug|Any CPU
		{0ED416B2-7BF9-A601-C89F-DA6F3F394E6B}.Debug|x86.ActiveCfg = Debug|Any CPU
		{0ED416B2-7BF9-A601-C89F-DA6F3F394E6B}.Debug|x86.Build.0 = Debug|Any CPU
		{0ED416B2-7BF9-A601-C89F-DA6F3F394E6B}.Release|Any CPU.ActiveCfg = Debug|Any CPU
		{0ED416B2-7BF9-A601-C89F-DA6F3F394E6B}.Release|Any CPU.Build.0 = Debug|Any CPU
		{0ED416B2-7BF9-A601-C89F-DA6F3F394E6B}.Release|x64.ActiveCfg = Debug|Any CPU
		{0ED416B2-7BF9-A601-C89F-DA6F3F394E6B}.Release|x64.Build.0 = Debug|Any CPU
		{0ED416B2-7BF9-A601-C89F-DA6F3F394E6B}.Release|x86.ActiveCfg = Debug|Any CPU
		{0ED416B2-7BF9-A601-C89F-DA6F3F394E6B}.Release|x86.Build.0 = Debug|Any CPU
		{12DBF77A-4817-E3C0-D1E8-76EC00954BCE}.Debug|Any CPU.ActiveCfg = Debug|Any CPU
		{12DBF77A-4817-E3C0-D1E8-76EC00954BCE}.Debug|Any CPU.Build.0 = Debug|Any CPU
		{12DBF77A-4817-E3C0-D1E8-76EC00954BCE}.Debug|x64.ActiveCfg = Debug|Any CPU
		{12DBF77A-4817-E3C0-D1E8-76EC00954BCE}.Debug|x64.Build.0 = Debug|Any CPU
		{12DBF77A-4817-E3C0-D1E8-76EC00954BCE}.Debug|x86.ActiveCfg = Debug|Any CPU
		{12DBF77A-4817-E3C0-D1E8-76EC00954BCE}.Debug|x86.Build.0 = Debug|Any CPU
		{12DBF77A-4817-E3C0-D1E8-76EC00954BCE}.Release|Any CPU.ActiveCfg = Debug|Any CPU
		{12DBF77A-4817-E3C0-D1E8-76EC00954BCE}.Release|Any CPU.Build.0 = Debug|Any CPU
		{12DBF77A-4817-E3C0-D1E8-76EC00954BCE}.Release|x64.ActiveCfg = Debug|Any CPU
		{12DBF77A-4817-E3C0-D1E8-76EC00954BCE}.Release|x64.Build.0 = Debug|Any CPU
		{12DBF77A-4817-E3C0-D1E8-76EC00954BCE}.Release|x86.ActiveCfg = Debug|Any CPU
		{12DBF77A-4817-E3C0-D1E8-76EC00954BCE}.Release|x86.Build.0 = Debug|Any CPU
		{62E907F9-A5AE-6AC6-47C8-19922FFB9C33}.Debug|Any CPU.ActiveCfg = Debug|Any CPU
		{62E907F9-A5AE-6AC6-47C8-19922FFB9C33}.Debug|Any CPU.Build.0 = Debug|Any CPU
		{62E907F9-A5AE-6AC6-47C8-19922FFB9C33}.Debug|x64.ActiveCfg = Debug|Any CPU
		{62E907F9-A5AE-6AC6-47C8-19922FFB9C33}.Debug|x64.Build.0 = Debug|Any CPU
		{62E907F9-A5AE-6AC6-47C8-19922FFB9C33}.Debug|x86.ActiveCfg = Debug|Any CPU
		{62E907F9-A5AE-6AC6-47C8-19922FFB9C33}.Debug|x86.Build.0 = Debug|Any CPU
		{62E907F9-A5AE-6AC6-47C8-19922FFB9C33}.Release|Any CPU.ActiveCfg = Debug|Any CPU
		{62E907F9-A5AE-6AC6-47C8-19922FFB9C33}.Release|Any CPU.Build.0 = Debug|Any CPU
		{62E907F9-A5AE-6AC6-47C8-19922FFB9C33}.Release|x64.ActiveCfg = Debug|Any CPU
		{62E907F9-A5AE-6AC6-47C8-19922FFB9C33}.Release|x64.Build.0 = Debug|Any CPU
		{62E907F9-A5AE-6AC6-47C8-19922FFB9C33}.Release|x86.ActiveCfg = Debug|Any CPU
		{62E907F9-A5AE-6AC6-47C8-19922FFB9C33}.Release|x86.Build.0 = Debug|Any CPU
		{F53AC188-5E36-DFAD-25F6-EDD5D05E51AE}.Debug|Any CPU.ActiveCfg = Debug|Any CPU
		{F53AC188-5E36-DFAD-25F6-EDD5D05E51AE}.Debug|Any CPU.Build.0 = Debug|Any CPU
		{F53AC188-5E36-DFAD-25F6-EDD5D05E51AE}.Debug|x64.ActiveCfg = Debug|Any CPU
		{F53AC188-5E36-DFAD-25F6-EDD5D05E51AE}.Debug|x64.Build.0 = Debug|Any CPU
		{F53AC188-5E36-DFAD-25F6-EDD5D05E51AE}.Debug|x86.ActiveCfg = Debug|Any CPU
		{F53AC188-5E36-DFAD-25F6-EDD5D05E51AE}.Debug|x86.Build.0 = Debug|Any CPU
		{F53AC188-5E36-DFAD-25F6-EDD5D05E51AE}.Release|Any CPU.ActiveCfg = Debug|Any CPU
		{F53AC188-5E36-DFAD-25F6-EDD5D05E51AE}.Release|Any CPU.Build.0 = Debug|Any CPU
		{F53AC188-5E36-DFAD-25F6-EDD5D05E51AE}.Release|x64.ActiveCfg = Debug|Any CPU
		{F53AC188-5E36-DFAD-25F6-EDD5D05E51AE}.Release|x64.Build.0 = Debug|Any CPU
		{F53AC188-5E36-DFAD-25F6-EDD5D05E51AE}.Release|x86.ActiveCfg = Debug|Any CPU
		{F53AC188-5E36-DFAD-25F6-EDD5D05E51AE}.Release|x86.Build.0 = Debug|Any CPU
		{F3957A05-32FB-7A1D-1800-93B541CF6D76}.Debug|Any CPU.ActiveCfg = Debug|Any CPU
		{F3957A05-32FB-7A1D-1800-93B541CF6D76}.Debug|Any CPU.Build.0 = Debug|Any CPU
		{F3957A05-32FB-7A1D-1800-93B541CF6D76}.Debug|x64.ActiveCfg = Debug|Any CPU
		{F3957A05-32FB-7A1D-1800-93B541CF6D76}.Debug|x64.Build.0 = Debug|Any CPU
		{F3957A05-32FB-7A1D-1800-93B541CF6D76}.Debug|x86.ActiveCfg = Debug|Any CPU
		{F3957A05-32FB-7A1D-1800-93B541CF6D76}.Debug|x86.Build.0 = Debug|Any CPU
		{F3957A05-32FB-7A1D-1800-93B541CF6D76}.Release|Any CPU.ActiveCfg = Debug|Any CPU
		{F3957A05-32FB-7A1D-1800-93B541CF6D76}.Release|Any CPU.Build.0 = Debug|Any CPU
		{F3957A05-32FB-7A1D-1800-93B541CF6D76}.Release|x64.ActiveCfg = Debug|Any CPU
		{F3957A05-32FB-7A1D-1800-93B541CF6D76}.Release|x64.Build.0 = Debug|Any CPU
		{F3957A05-32FB-7A1D-1800-93B541CF6D76}.Release|x86.ActiveCfg = Debug|Any CPU
		{F3957A05-32FB-7A1D-1800-93B541CF6D76}.Release|x86.Build.0 = Debug|Any CPU
		{95B085A9-6DAD-2FD8-C372-5C7D839CD844}.Debug|Any CPU.ActiveCfg = Debug|Any CPU
		{95B085A9-6DAD-2FD8-C372-5C7D839CD844}.Debug|Any CPU.Build.0 = Debug|Any CPU
		{95B085A9-6DAD-2FD8-C372-5C7D839CD844}.Debug|x64.ActiveCfg = Debug|Any CPU
		{95B085A9-6DAD-2FD8-C372-5C7D839CD844}.Debug|x64.Build.0 = Debug|Any CPU
		{95B085A9-6DAD-2FD8-C372-5C7D839CD844}.Debug|x86.ActiveCfg = Debug|Any CPU
		{95B085A9-6DAD-2FD8-C372-5C7D839CD844}.Debug|x86.Build.0 = Debug|Any CPU
		{95B085A9-6DAD-2FD8-C372-5C7D839CD844}.Release|Any CPU.ActiveCfg = Debug|Any CPU
		{95B085A9-6DAD-2FD8-C372-5C7D839CD844}.Release|Any CPU.Build.0 = Debug|Any CPU
		{95B085A9-6DAD-2FD8-C372-5C7D839CD844}.Release|x64.ActiveCfg = Debug|Any CPU
		{95B085A9-6DAD-2FD8-C372-5C7D839CD844}.Release|x64.Build.0 = Debug|Any CPU
		{95B085A9-6DAD-2FD8-C372-5C7D839CD844}.Release|x86.ActiveCfg = Debug|Any CPU
		{95B085A9-6DAD-2FD8-C372-5C7D839CD844}.Release|x86.Build.0 = Debug|Any CPU
		{99F19A12-8911-B619-55FB-E6FF52055C84}.Debug|Any CPU.ActiveCfg = Debug|Any CPU
		{99F19A12-8911-B619-55FB-E6FF52055C84}.Debug|Any CPU.Build.0 = Debug|Any CPU
		{99F19A12-8911-B619-55FB-E6FF52055C84}.Debug|x64.ActiveCfg = Debug|Any CPU
		{99F19A12-8911-B619-55FB-E6FF52055C84}.Debug|x64.Build.0 = Debug|Any CPU
		{99F19A12-8911-B619-55FB-E6FF52055C84}.Debug|x86.ActiveCfg = Debug|Any CPU
		{99F19A12-8911-B619-55FB-E6FF52055C84}.Debug|x86.Build.0 = Debug|Any CPU
		{99F19A12-8911-B619-55FB-E6FF52055C84}.Release|Any CPU.ActiveCfg = Debug|Any CPU
		{99F19A12-8911-B619-55FB-E6FF52055C84}.Release|Any CPU.Build.0 = Debug|Any CPU
		{99F19A12-8911-B619-55FB-E6FF52055C84}.Release|x64.ActiveCfg = Debug|Any CPU
		{99F19A12-8911-B619-55FB-E6FF52055C84}.Release|x64.Build.0 = Debug|Any CPU
		{99F19A12-8911-B619-55FB-E6FF52055C84}.Release|x86.ActiveCfg = Debug|Any CPU
		{99F19A12-8911-B619-55FB-E6FF52055C84}.Release|x86.Build.0 = Debug|Any CPU
		{3DA15994-C665-7F93-C070-E7405559351A}.Debug|Any CPU.ActiveCfg = Debug|Any CPU
		{3DA15994-C665-7F93-C070-E7405559351A}.Debug|Any CPU.Build.0 = Debug|Any CPU
		{3DA15994-C665-7F93-C070-E7405559351A}.Debug|x64.ActiveCfg = Debug|Any CPU
		{3DA15994-C665-7F93-C070-E7405559351A}.Debug|x64.Build.0 = Debug|Any CPU
		{3DA15994-C665-7F93-C070-E7405559351A}.Debug|x86.ActiveCfg = Debug|Any CPU
		{3DA15994-C665-7F93-C070-E7405559351A}.Debug|x86.Build.0 = Debug|Any CPU
		{3DA15994-C665-7F93-C070-E7405559351A}.Release|Any CPU.ActiveCfg = Debug|Any CPU
		{3DA15994-C665-7F93-C070-E7405559351A}.Release|Any CPU.Build.0 = Debug|Any CPU
		{3DA15994-C665-7F93-C070-E7405559351A}.Release|x64.ActiveCfg = Debug|Any CPU
		{3DA15994-C665-7F93-C070-E7405559351A}.Release|x64.Build.0 = Debug|Any CPU
		{3DA15994-C665-7F93-C070-E7405559351A}.Release|x86.ActiveCfg = Debug|Any CPU
		{3DA15994-C665-7F93-C070-E7405559351A}.Release|x86.Build.0 = Debug|Any CPU
	EndGlobalSection
	GlobalSection(SolutionProperties) = preSolution
		HideSolutionNode = FALSE
	EndGlobalSection
	GlobalSection(NestedProjects) = preSolution
		{CCF5D7E3-D5C6-4DE6-BB2D-1A931602F1AB} = {46008B91-6EC0-448B-8D1A-D8C6D2EEBEF4}
		{1059524B-9F01-4C3E-8A7C-6BBDD1D174C7} = {46008B91-6EC0-448B-8D1A-D8C6D2EEBEF4}
		{6AFC109E-85DE-4A14-9C81-95D93C3F90AE} = {46008B91-6EC0-448B-8D1A-D8C6D2EEBEF4}
		{4B15C845-B5BD-4105-AE91-9B057F8AC134} = {46008B91-6EC0-448B-8D1A-D8C6D2EEBEF4}
		{FCB2EF97-BA34-49F7-B859-68E1AC98877E} = {1272AF7B-A962-4BA4-8A9C-FFA7E131A0AC}
		{1D028A2B-515C-49E2-923B-094CBD89BE5A} = {1272AF7B-A962-4BA4-8A9C-FFA7E131A0AC}
		{1D5E890A-C9D5-45DF-B098-73DBE39EB311} = {46008B91-6EC0-448B-8D1A-D8C6D2EEBEF4}
		{0ED416B2-7BF9-A601-C89F-DA6F3F394E6B} = {914C77C9-212A-4DD0-8D9A-074620E77FAA}
		{12DBF77A-4817-E3C0-D1E8-76EC00954BCE} = {914C77C9-212A-4DD0-8D9A-074620E77FAA}
		{62E907F9-A5AE-6AC6-47C8-19922FFB9C33} = {914C77C9-212A-4DD0-8D9A-074620E77FAA}
		{F53AC188-5E36-DFAD-25F6-EDD5D05E51AE} = {914C77C9-212A-4DD0-8D9A-074620E77FAA}
		{F3957A05-32FB-7A1D-1800-93B541CF6D76} = {914C77C9-212A-4DD0-8D9A-074620E77FAA}
		{95B085A9-6DAD-2FD8-C372-5C7D839CD844} = {914C77C9-212A-4DD0-8D9A-074620E77FAA}
		{99F19A12-8911-B619-55FB-E6FF52055C84} = {914C77C9-212A-4DD0-8D9A-074620E77FAA}
		{77B9CF0B-8094-494D-9771-0D45DA5CC4B9} = {914C77C9-212A-4DD0-8D9A-074620E77FAA}
		{7B7706D2-9AD8-99C4-38C0-A2B4E2BB695B} = {77B9CF0B-8094-494D-9771-0D45DA5CC4B9}
		{BA19B4C2-C500-D6E3-4CEB-4A1750ABB636} = {77B9CF0B-8094-494D-9771-0D45DA5CC4B9}
		{A0F692F8-6857-68A6-0D71-D68609B94393} = {77B9CF0B-8094-494D-9771-0D45DA5CC4B9}
		{8F8C72FC-2E1D-AD04-CE49-B6F1C333D94A} = {77B9CF0B-8094-494D-9771-0D45DA5CC4B9}
		{1DB4130D-2D2D-AA94-105A-6037AEF3A97F} = {77B9CF0B-8094-494D-9771-0D45DA5CC4B9}
		{3DA15994-C665-7F93-C070-E7405559351A} = {914C77C9-212A-4DD0-8D9A-074620E77FAA}
	EndGlobalSection
	GlobalSection(ExtensibilityGlobals) = postSolution
		SolutionGuid = {EABC01E3-3EB5-47EF-B46E-AAD8BB3585F1}
	EndGlobalSection
EndGlobal
