
Microsoft Visual Studio Solution File, Format Version 12.00
# Visual Studio Version 17
VisualStudioVersion = 17.0.31903.59
MinimumVisualStudioVersion = 10.0.40219.1
Project("{2150E333-8FDC-42A3-9474-1A3956D46DE8}") = "DotNet", "DotNet", "{46008B91-6EC0-448B-8D1A-D8C6D2EEBEF4}"
EndProject
Project("{FAE04EC0-301F-11D3-BF4B-00C04F79EFBC}") = "DotNet.App", "DotNet\App\DotNet.App.csproj", "{CCF5D7E3-D5C6-4DE6-BB2D-1A931602F1AB}"
EndProject
Project("{FAE04EC0-301F-11D3-BF4B-00C04F79EFBC}") = "DotNet.Hotfix", "DotNet\Hotfix\DotNet.Hotfix.csproj", "{1059524B-9F01-4C3E-8A7C-6BBDD1D174C7}"
EndProject
Project("{FAE04EC0-301F-11D3-BF4B-00C04F79EFBC}") = "DotNet.Model", "DotNet\Model\DotNet.Model.csproj", "{6AFC109E-85DE-4A14-9C81-95D93C3F90AE}"
EndProject
Project("{FAE04EC0-301F-11D3-BF4B-00C04F79EFBC}") = "DotNet.ThirdParty", "DotNet\ThirdParty\DotNet.ThirdParty.csproj", "{4B15C845-B5BD-4105-AE91-9B057F8AC134}"
EndProject
Project("{2150E333-8FDC-42A3-9474-1A3956D46DE8}") = "Share", "Share", "{1272AF7B-A962-4BA4-8A9C-FFA7E131A0AC}"
EndProject
Project("{FAE04EC0-301F-11D3-BF4B-00C04F79EFBC}") = "Share.Analyzer", "Share\Analyzer\Share.Analyzer.csproj", "{FCB2EF97-BA34-49F7-B859-68E1AC98877E}"
EndProject
Project("{FAE04EC0-301F-11D3-BF4B-00C04F79EFBC}") = "Share.Tool", "Share\Tool\Share.Tool.csproj", "{1D028A2B-515C-49E2-923B-094CBD89BE5A}"
EndProject
Project("{FAE04EC0-301F-11D3-BF4B-00C04F79EFBC}") = "DotNet.Loader", "DotNet\Loader\DotNet.Loader.csproj", "{1D5E890A-C9D5-45DF-B098-73DBE39EB311}"
EndProject
Project("{FAE04EC0-301F-11D3-BF4B-00C04F79EFBC}") = "Share.FileServer", "Share\FileServer\Share.FileServer.csproj", "{2CF9A444-C227-40A6-89A8-A31D7A131694}"
EndProject
Project("{FAE04EC0-301F-11D3-BF4B-00C04F79EFBC}") = "Share.SourceGenerator", "Share\Share.SourceGenerator\Share.SourceGenerator.csproj", "{EE473828-55A5-4134-8515-D805CD576CF0}"
EndProject
Project("{FAE04EC0-301F-11D3-BF4B-00C04F79EFBC}") = "DotNet.Core", "DotNet\Core\DotNet.Core.csproj", "{FE5BD9E4-B8AA-4A19-8AD5-CEBF30F15005}"
EndProject
Project("{2150E333-8FDC-42A3-9474-1A3956D46DE8}") = "Unity", "Unity", "{8E1D1BFC-13E9-4007-888B-34F84E3B0595}"
EndProject
Project("{FAE04EC0-301F-11D3-BF4B-00C04F79EFBC}") = "Game.ET.Code.Editor", "Unity\Game.ET.Code.Editor.csproj", "{1604C70E-646B-A113-929F-A8892B1CFD7B}"
EndProject
Project("{FAE04EC0-301F-11D3-BF4B-00C04F79EFBC}") = "Game.ET.Code.Hotfix", "Unity\Game.ET.Code.Hotfix.csproj", "{B44FD70F-CAFF-9174-43A4-54A8EC7ECA8F}"
EndProject
Project("{FAE04EC0-301F-11D3-BF4B-00C04F79EFBC}") = "Game.ET.Code.HotfixView", "Unity\Game.ET.Code.HotfixView.csproj", "{52EA1C1B-17D1-6089-9DD0-586D46778A43}"
EndProject
Project("{FAE04EC0-301F-11D3-BF4B-00C04F79EFBC}") = "Game.ET.Code.Model", "Unity\Game.ET.Code.Model.csproj", "{331A0B3C-AFED-09B9-EDC3-7677B39A2DA2}"
EndProject
Project("{FAE04EC0-301F-11D3-BF4B-00C04F79EFBC}") = "Game.ET.Code.ModelView", "Unity\Game.ET.Code.ModelView.csproj", "{E4617FA4-77C1-8DCF-3AEB-A2A133A794E8}"
EndProject
Project("{FAE04EC0-301F-11D3-BF4B-00C04F79EFBC}") = "Game.ET.Loader", "Unity\Game.ET.Loader.csproj", "{D48A4E30-B3AE-A829-04ED-2B7AD4173096}"
EndProject
Project("{FAE04EC0-301F-11D3-BF4B-00C04F79EFBC}") = "EnhancedScroller", "Unity\EnhancedScroller.csproj", "{CCDF7627-27A1-9D50-EA6D-3C6B12C2DCEA}"
EndProject
Project("{FAE04EC0-301F-11D3-BF4B-00C04F79EFBC}") = "GameFramework", "Unity\GameFramework.csproj", "{99F19A12-8911-B619-55FB-E6FF52055C84}"
EndProject
Project("{FAE04EC0-301F-11D3-BF4B-00C04F79EFBC}") = "UnityGameFramework.Extension", "Unity\UnityGameFramework.Extension.csproj", "{1F745615-3CC5-D8A3-AC54-90C456B11019}"
EndProject
Project("{FAE04EC0-301F-11D3-BF4B-00C04F79EFBC}") = "UnityGameFramework.Runtime", "Unity\UnityGameFramework.Runtime.csproj", "{F3957A05-32FB-7A1D-1800-93B541CF6D76}"
EndProject
Project("{FAE04EC0-301F-11D3-BF4B-00C04F79EFBC}") = "Game", "Unity\Game.csproj", "{70D3EFAA-3327-BD04-AFAE-952E7608D229}"
EndProject
Project("{FAE04EC0-301F-11D3-BF4B-00C04F79EFBC}") = "Game.Editor", "Unity\Game.Editor.csproj", "{8298DCBD-7315-42E6-2922-11891D8C374B}"
EndProject
Project("{FAE04EC0-301F-11D3-BF4B-00C04F79EFBC}") = "LubanLib.Editor", "Unity\LubanLib.Editor.csproj", "{55B806CD-181F-BA9E-C623-45F582A5674C}"
EndProject
Project("{FAE04EC0-301F-11D3-BF4B-00C04F79EFBC}") = "LubanLib", "Unity\LubanLib.csproj", "{F3FB01B4-0CA8-943A-5ED3-CA3A0C481283}"
EndProject
Project("{FAE04EC0-301F-11D3-BF4B-00C04F79EFBC}") = "UnityGameFramework.Extension.Editor", "Unity\UnityGameFramework.Extension.Editor.csproj", "{5F710A54-88B0-6B98-B1A7-5C64D1DBBF2B}"
EndProject
Project("{FAE04EC0-301F-11D3-BF4B-00C04F79EFBC}") = "UnityGameFramework.Editor", "Unity\UnityGameFramework.Editor.csproj", "{60EE053C-AFBD-40BD-5F9E-17703ECD8866}"
EndProject
Project("{2150E333-8FDC-42A3-9474-1A3956D46DE8}") = "Other", "Other", "{E9B70E39-09C9-4BF7-8148-D1AAC5F5D57A}"
EndProject
Project("{FAE04EC0-301F-11D3-BF4B-00C04F79EFBC}") = "SLATE", "Unity\SLATE.csproj", "{E55C3F73-C3D2-9868-CB86-8B46FB4DB6F5}"
EndProject
Project("{FAE04EC0-301F-11D3-BF4B-00C04F79EFBC}") = "StompyRobot.SRDebugger", "Unity\StompyRobot.SRDebugger.csproj", "{4B2DB0C7-E293-1C35-965D-EE8D7C808E14}"
EndProject
Project("{FAE04EC0-301F-11D3-BF4B-00C04F79EFBC}") = "StompyRobot.SRF", "Unity\StompyRobot.SRF.csproj", "{008B1599-8CAD-37CA-D0C3-DB308574902F}"
EndProject
Project("{FAE04EC0-301F-11D3-BF4B-00C04F79EFBC}") = "Game.ET.Editor", "Unity\Game.ET.Editor.csproj", "{0D3FD096-FEA7-64D8-FD87-8D36B3F6E3A7}"
EndProject
Project("{FAE04EC0-301F-11D3-BF4B-00C04F79EFBC}") = "StompyRobot.SRDebugger.Editor", "Unity\StompyRobot.SRDebugger.Editor.csproj", "{3F93ED33-98E1-A169-CBE1-E54B1EED4D77}"
EndProject
Project("{FAE04EC0-301F-11D3-BF4B-00C04F79EFBC}") = "StompyRobot.SRF.Editor", "Unity\StompyRobot.SRF.Editor.csproj", "{D1FC0CCE-F0C4-1660-5544-E3B0BE2ACE1E}"
EndProject
Project("{2150E333-8FDC-42A3-9474-1A3956D46DE8}") = "ET", "ET", "{5A2E81DD-78C9-48DF-8DFD-8EDACE114749}"
EndProject
Project("{FAE04EC0-301F-11D3-BF4B-00C04F79EFBC}") = "Leihuo.UXTools.Runtime", "Unity\Leihuo.UXTools.Runtime.csproj", "{C6301059-2D19-3955-75FB-1D045EA3DC23}"
EndProject
Project("{FAE04EC0-301F-11D3-BF4B-00C04F79EFBC}") = "ET.Core", "Unity\ET.Core.csproj", "{357275F9-23B5-ED06-A723-291680D452AA}"
EndProject
Project("{FAE04EC0-301F-11D3-BF4B-00C04F79EFBC}") = "ET.Core.Editor", "Unity\ET.Core.Editor.csproj", "{3A94C6B6-82E5-A1A2-A312-9D8E905E8F4A}"
EndProject
Project("{FAE04EC0-301F-11D3-BF4B-00C04F79EFBC}") = "ET.ThirdParty", "Unity\ET.ThirdParty.csproj", "{5EBA1D51-1D22-D1BD-91A2-05A6DF917BC0}"
EndProject
Project("{FAE04EC0-301F-11D3-BF4B-00C04F79EFBC}") = "SocoTool", "Unity\SocoTool.csproj", "{C9FC60E6-2D7C-5B4B-94CD-2C31E40B6606}"
EndProject
Project("{FAE04EC0-301F-11D3-BF4B-00C04F79EFBC}") = "Animancer", "Unity\Animancer.csproj", "{159E65F6-D363-1A6D-EC57-6DB30DA1B98F}"
EndProject
Project("{FAE04EC0-301F-11D3-BF4B-00C04F79EFBC}") = "SocoTool.Editor", "Unity\SocoTool.Editor.csproj", "{3BCBABA4-9D0F-22B7-ABC9-3043E747B936}"
EndProject
Project("{FAE04EC0-301F-11D3-BF4B-00C04F79EFBC}") = "Leihuo.UXTools.Editor.Common", "Unity\Leihuo.UXTools.Editor.Common.csproj", "{1DE184F3-E081-2095-D2B8-015F99A561AB}"
EndProject
Project("{FAE04EC0-301F-11D3-BF4B-00C04F79EFBC}") = "UniTask.Extension", "Unity\UniTask.Extension.csproj", "{A2DBBBD2-B411-10F8-25F7-27DE9C892D8B}"
EndProject
Global
	GlobalSection(SolutionConfigurationPlatforms) = preSolution
		Debug|Any CPU = Debug|Any CPU
		Debug|x64 = Debug|x64
		Debug|x86 = Debug|x86
		Release|Any CPU = Release|Any CPU
		Release|x64 = Release|x64
		Release|x86 = Release|x86
	EndGlobalSection
	GlobalSection(ProjectConfigurationPlatforms) = postSolution
		{CCF5D7E3-D5C6-4DE6-BB2D-1A931602F1AB}.Debug|x64.ActiveCfg = Debug|Any CPU
		{CCF5D7E3-D5C6-4DE6-BB2D-1A931602F1AB}.Debug|x64.Build.0 = Debug|Any CPU
		{CCF5D7E3-D5C6-4DE6-BB2D-1A931602F1AB}.Debug|x86.ActiveCfg = Debug|Any CPU
		{CCF5D7E3-D5C6-4DE6-BB2D-1A931602F1AB}.Debug|x86.Build.0 = Debug|Any CPU
		{CCF5D7E3-D5C6-4DE6-BB2D-1A931602F1AB}.Release|Any CPU.ActiveCfg = Release|Any CPU
		{CCF5D7E3-D5C6-4DE6-BB2D-1A931602F1AB}.Release|Any CPU.Build.0 = Release|Any CPU
		{CCF5D7E3-D5C6-4DE6-BB2D-1A931602F1AB}.Release|x64.ActiveCfg = Release|Any CPU
		{CCF5D7E3-D5C6-4DE6-BB2D-1A931602F1AB}.Release|x64.Build.0 = Release|Any CPU
		{CCF5D7E3-D5C6-4DE6-BB2D-1A931602F1AB}.Release|x86.ActiveCfg = Release|Any CPU
		{CCF5D7E3-D5C6-4DE6-BB2D-1A931602F1AB}.Release|x86.Build.0 = Release|Any CPU
		{CCF5D7E3-D5C6-4DE6-BB2D-1A931602F1AB}.Debug|Any CPU.ActiveCfg = Debug|Any CPU
		{CCF5D7E3-D5C6-4DE6-BB2D-1A931602F1AB}.Debug|Any CPU.Build.0 = Debug|Any CPU
		{1059524B-9F01-4C3E-8A7C-6BBDD1D174C7}.Debug|x64.ActiveCfg = Debug|Any CPU
		{1059524B-9F01-4C3E-8A7C-6BBDD1D174C7}.Debug|x64.Build.0 = Debug|Any CPU
		{1059524B-9F01-4C3E-8A7C-6BBDD1D174C7}.Debug|x86.ActiveCfg = Debug|Any CPU
		{1059524B-9F01-4C3E-8A7C-6BBDD1D174C7}.Debug|x86.Build.0 = Debug|Any CPU
		{1059524B-9F01-4C3E-8A7C-6BBDD1D174C7}.Release|Any CPU.ActiveCfg = Release|Any CPU
		{1059524B-9F01-4C3E-8A7C-6BBDD1D174C7}.Release|Any CPU.Build.0 = Release|Any CPU
		{1059524B-9F01-4C3E-8A7C-6BBDD1D174C7}.Release|x64.ActiveCfg = Release|Any CPU
		{1059524B-9F01-4C3E-8A7C-6BBDD1D174C7}.Release|x64.Build.0 = Release|Any CPU
		{1059524B-9F01-4C3E-8A7C-6BBDD1D174C7}.Release|x86.ActiveCfg = Release|Any CPU
		{1059524B-9F01-4C3E-8A7C-6BBDD1D174C7}.Release|x86.Build.0 = Release|Any CPU
		{1059524B-9F01-4C3E-8A7C-6BBDD1D174C7}.Debug|Any CPU.ActiveCfg = Debug|Any CPU
		{1059524B-9F01-4C3E-8A7C-6BBDD1D174C7}.Debug|Any CPU.Build.0 = Debug|Any CPU
		{6AFC109E-85DE-4A14-9C81-95D93C3F90AE}.Debug|x64.ActiveCfg = Debug|Any CPU
		{6AFC109E-85DE-4A14-9C81-95D93C3F90AE}.Debug|x64.Build.0 = Debug|Any CPU
		{6AFC109E-85DE-4A14-9C81-95D93C3F90AE}.Debug|x86.ActiveCfg = Debug|Any CPU
		{6AFC109E-85DE-4A14-9C81-95D93C3F90AE}.Debug|x86.Build.0 = Debug|Any CPU
		{6AFC109E-85DE-4A14-9C81-95D93C3F90AE}.Release|Any CPU.ActiveCfg = Release|Any CPU
		{6AFC109E-85DE-4A14-9C81-95D93C3F90AE}.Release|Any CPU.Build.0 = Release|Any CPU
		{6AFC109E-85DE-4A14-9C81-95D93C3F90AE}.Release|x64.ActiveCfg = Release|Any CPU
		{6AFC109E-85DE-4A14-9C81-95D93C3F90AE}.Release|x64.Build.0 = Release|Any CPU
		{6AFC109E-85DE-4A14-9C81-95D93C3F90AE}.Release|x86.ActiveCfg = Release|Any CPU
		{6AFC109E-85DE-4A14-9C81-95D93C3F90AE}.Release|x86.Build.0 = Release|Any CPU
		{6AFC109E-85DE-4A14-9C81-95D93C3F90AE}.Debug|Any CPU.ActiveCfg = Debug|Any CPU
		{6AFC109E-85DE-4A14-9C81-95D93C3F90AE}.Debug|Any CPU.Build.0 = Debug|Any CPU
		{4B15C845-B5BD-4105-AE91-9B057F8AC134}.Debug|x64.ActiveCfg = Debug|Any CPU
		{4B15C845-B5BD-4105-AE91-9B057F8AC134}.Debug|x64.Build.0 = Debug|Any CPU
		{4B15C845-B5BD-4105-AE91-9B057F8AC134}.Debug|x86.ActiveCfg = Debug|Any CPU
		{4B15C845-B5BD-4105-AE91-9B057F8AC134}.Debug|x86.Build.0 = Debug|Any CPU
		{4B15C845-B5BD-4105-AE91-9B057F8AC134}.Release|Any CPU.ActiveCfg = Release|Any CPU
		{4B15C845-B5BD-4105-AE91-9B057F8AC134}.Release|Any CPU.Build.0 = Release|Any CPU
		{4B15C845-B5BD-4105-AE91-9B057F8AC134}.Release|x64.ActiveCfg = Release|Any CPU
		{4B15C845-B5BD-4105-AE91-9B057F8AC134}.Release|x64.Build.0 = Release|Any CPU
		{4B15C845-B5BD-4105-AE91-9B057F8AC134}.Release|x86.ActiveCfg = Release|Any CPU
		{4B15C845-B5BD-4105-AE91-9B057F8AC134}.Release|x86.Build.0 = Release|Any CPU
		{4B15C845-B5BD-4105-AE91-9B057F8AC134}.Debug|Any CPU.ActiveCfg = Debug|Any CPU
		{4B15C845-B5BD-4105-AE91-9B057F8AC134}.Debug|Any CPU.Build.0 = Debug|Any CPU
		{FCB2EF97-BA34-49F7-B859-68E1AC98877E}.Debug|Any CPU.ActiveCfg = Debug|Any CPU
		{FCB2EF97-BA34-49F7-B859-68E1AC98877E}.Debug|Any CPU.Build.0 = Debug|Any CPU
		{FCB2EF97-BA34-49F7-B859-68E1AC98877E}.Debug|x64.ActiveCfg = Debug|Any CPU
		{FCB2EF97-BA34-49F7-B859-68E1AC98877E}.Debug|x64.Build.0 = Debug|Any CPU
		{FCB2EF97-BA34-49F7-B859-68E1AC98877E}.Debug|x86.ActiveCfg = Debug|Any CPU
		{FCB2EF97-BA34-49F7-B859-68E1AC98877E}.Debug|x86.Build.0 = Debug|Any CPU
		{FCB2EF97-BA34-49F7-B859-68E1AC98877E}.Release|Any CPU.ActiveCfg = Release|Any CPU
		{FCB2EF97-BA34-49F7-B859-68E1AC98877E}.Release|Any CPU.Build.0 = Release|Any CPU
		{FCB2EF97-BA34-49F7-B859-68E1AC98877E}.Release|x64.ActiveCfg = Release|Any CPU
		{FCB2EF97-BA34-49F7-B859-68E1AC98877E}.Release|x64.Build.0 = Release|Any CPU
		{FCB2EF97-BA34-49F7-B859-68E1AC98877E}.Release|x86.ActiveCfg = Release|Any CPU
		{FCB2EF97-BA34-49F7-B859-68E1AC98877E}.Release|x86.Build.0 = Release|Any CPU
		{1D028A2B-515C-49E2-923B-094CBD89BE5A}.Debug|Any CPU.ActiveCfg = Debug|Any CPU
		{1D028A2B-515C-49E2-923B-094CBD89BE5A}.Debug|Any CPU.Build.0 = Debug|Any CPU
		{1D028A2B-515C-49E2-923B-094CBD89BE5A}.Debug|x64.ActiveCfg = Debug|Any CPU
		{1D028A2B-515C-49E2-923B-094CBD89BE5A}.Debug|x64.Build.0 = Debug|Any CPU
		{1D028A2B-515C-49E2-923B-094CBD89BE5A}.Debug|x86.ActiveCfg = Debug|Any CPU
		{1D028A2B-515C-49E2-923B-094CBD89BE5A}.Debug|x86.Build.0 = Debug|Any CPU
		{1D028A2B-515C-49E2-923B-094CBD89BE5A}.Release|Any CPU.ActiveCfg = Release|Any CPU
		{1D028A2B-515C-49E2-923B-094CBD89BE5A}.Release|Any CPU.Build.0 = Release|Any CPU
		{1D028A2B-515C-49E2-923B-094CBD89BE5A}.Release|x64.ActiveCfg = Release|Any CPU
		{1D028A2B-515C-49E2-923B-094CBD89BE5A}.Release|x64.Build.0 = Release|Any CPU
		{1D028A2B-515C-49E2-923B-094CBD89BE5A}.Release|x86.ActiveCfg = Release|Any CPU
		{1D028A2B-515C-49E2-923B-094CBD89BE5A}.Release|x86.Build.0 = Release|Any CPU
		{1D5E890A-C9D5-45DF-B098-73DBE39EB311}.Debug|Any CPU.ActiveCfg = Debug|Any CPU
		{1D5E890A-C9D5-45DF-B098-73DBE39EB311}.Debug|Any CPU.Build.0 = Debug|Any CPU
		{1D5E890A-C9D5-45DF-B098-73DBE39EB311}.Debug|x64.ActiveCfg = Debug|Any CPU
		{1D5E890A-C9D5-45DF-B098-73DBE39EB311}.Debug|x64.Build.0 = Debug|Any CPU
		{1D5E890A-C9D5-45DF-B098-73DBE39EB311}.Debug|x86.ActiveCfg = Debug|Any CPU
		{1D5E890A-C9D5-45DF-B098-73DBE39EB311}.Debug|x86.Build.0 = Debug|Any CPU
		{1D5E890A-C9D5-45DF-B098-73DBE39EB311}.Release|Any CPU.ActiveCfg = Release|Any CPU
		{1D5E890A-C9D5-45DF-B098-73DBE39EB311}.Release|Any CPU.Build.0 = Release|Any CPU
		{1D5E890A-C9D5-45DF-B098-73DBE39EB311}.Release|x64.ActiveCfg = Release|Any CPU
		{1D5E890A-C9D5-45DF-B098-73DBE39EB311}.Release|x64.Build.0 = Release|Any CPU
		{1D5E890A-C9D5-45DF-B098-73DBE39EB311}.Release|x86.ActiveCfg = Release|Any CPU
		{1D5E890A-C9D5-45DF-B098-73DBE39EB311}.Release|x86.Build.0 = Release|Any CPU
		{2CF9A444-C227-40A6-89A8-A31D7A131694}.Debug|Any CPU.ActiveCfg = Debug|Any CPU
		{2CF9A444-C227-40A6-89A8-A31D7A131694}.Debug|Any CPU.Build.0 = Debug|Any CPU
		{2CF9A444-C227-40A6-89A8-A31D7A131694}.Debug|x64.ActiveCfg = Debug|Any CPU
		{2CF9A444-C227-40A6-89A8-A31D7A131694}.Debug|x64.Build.0 = Debug|Any CPU
		{2CF9A444-C227-40A6-89A8-A31D7A131694}.Debug|x86.ActiveCfg = Debug|Any CPU
		{2CF9A444-C227-40A6-89A8-A31D7A131694}.Debug|x86.Build.0 = Debug|Any CPU
		{2CF9A444-C227-40A6-89A8-A31D7A131694}.Release|Any CPU.ActiveCfg = Release|Any CPU
		{2CF9A444-C227-40A6-89A8-A31D7A131694}.Release|Any CPU.Build.0 = Release|Any CPU
		{2CF9A444-C227-40A6-89A8-A31D7A131694}.Release|x64.ActiveCfg = Release|Any CPU
		{2CF9A444-C227-40A6-89A8-A31D7A131694}.Release|x64.Build.0 = Release|Any CPU
		{2CF9A444-C227-40A6-89A8-A31D7A131694}.Release|x86.ActiveCfg = Release|Any CPU
		{2CF9A444-C227-40A6-89A8-A31D7A131694}.Release|x86.Build.0 = Release|Any CPU
		{EE473828-55A5-4134-8515-D805CD576CF0}.Debug|Any CPU.ActiveCfg = Debug|Any CPU
		{EE473828-55A5-4134-8515-D805CD576CF0}.Debug|Any CPU.Build.0 = Debug|Any CPU
		{EE473828-55A5-4134-8515-D805CD576CF0}.Debug|x64.ActiveCfg = Debug|Any CPU
		{EE473828-55A5-4134-8515-D805CD576CF0}.Debug|x64.Build.0 = Debug|Any CPU
		{EE473828-55A5-4134-8515-D805CD576CF0}.Debug|x86.ActiveCfg = Debug|Any CPU
		{EE473828-55A5-4134-8515-D805CD576CF0}.Debug|x86.Build.0 = Debug|Any CPU
		{EE473828-55A5-4134-8515-D805CD576CF0}.Release|Any CPU.ActiveCfg = Release|Any CPU
		{EE473828-55A5-4134-8515-D805CD576CF0}.Release|Any CPU.Build.0 = Release|Any CPU
		{EE473828-55A5-4134-8515-D805CD576CF0}.Release|x64.ActiveCfg = Release|Any CPU
		{EE473828-55A5-4134-8515-D805CD576CF0}.Release|x64.Build.0 = Release|Any CPU
		{EE473828-55A5-4134-8515-D805CD576CF0}.Release|x86.ActiveCfg = Release|Any CPU
		{EE473828-55A5-4134-8515-D805CD576CF0}.Release|x86.Build.0 = Release|Any CPU
		{FE5BD9E4-B8AA-4A19-8AD5-CEBF30F15005}.Debug|Any CPU.ActiveCfg = Debug|Any CPU
		{FE5BD9E4-B8AA-4A19-8AD5-CEBF30F15005}.Debug|Any CPU.Build.0 = Debug|Any CPU
		{FE5BD9E4-B8AA-4A19-8AD5-CEBF30F15005}.Debug|x64.ActiveCfg = Debug|Any CPU
		{FE5BD9E4-B8AA-4A19-8AD5-CEBF30F15005}.Debug|x64.Build.0 = Debug|Any CPU
		{FE5BD9E4-B8AA-4A19-8AD5-CEBF30F15005}.Debug|x86.ActiveCfg = Debug|Any CPU
		{FE5BD9E4-B8AA-4A19-8AD5-CEBF30F15005}.Debug|x86.Build.0 = Debug|Any CPU
		{FE5BD9E4-B8AA-4A19-8AD5-CEBF30F15005}.Release|Any CPU.ActiveCfg = Release|Any CPU
		{FE5BD9E4-B8AA-4A19-8AD5-CEBF30F15005}.Release|Any CPU.Build.0 = Release|Any CPU
		{FE5BD9E4-B8AA-4A19-8AD5-CEBF30F15005}.Release|x64.ActiveCfg = Release|Any CPU
		{FE5BD9E4-B8AA-4A19-8AD5-CEBF30F15005}.Release|x64.Build.0 = Release|Any CPU
		{FE5BD9E4-B8AA-4A19-8AD5-CEBF30F15005}.Release|x86.ActiveCfg = Release|Any CPU
		{FE5BD9E4-B8AA-4A19-8AD5-CEBF30F15005}.Release|x86.Build.0 = Release|Any CPU
		{1604C70E-646B-A113-929F-A8892B1CFD7B}.Debug|Any CPU.ActiveCfg = Debug|Any CPU
		{1604C70E-646B-A113-929F-A8892B1CFD7B}.Debug|Any CPU.Build.0 = Debug|Any CPU
		{1604C70E-646B-A113-929F-A8892B1CFD7B}.Debug|x64.ActiveCfg = Debug|Any CPU
		{1604C70E-646B-A113-929F-A8892B1CFD7B}.Debug|x64.Build.0 = Debug|Any CPU
		{1604C70E-646B-A113-929F-A8892B1CFD7B}.Debug|x86.ActiveCfg = Debug|Any CPU
		{1604C70E-646B-A113-929F-A8892B1CFD7B}.Debug|x86.Build.0 = Debug|Any CPU
		{1604C70E-646B-A113-929F-A8892B1CFD7B}.Release|Any CPU.ActiveCfg = Debug|Any CPU
		{1604C70E-646B-A113-929F-A8892B1CFD7B}.Release|Any CPU.Build.0 = Debug|Any CPU
		{1604C70E-646B-A113-929F-A8892B1CFD7B}.Release|x64.ActiveCfg = Debug|Any CPU
		{1604C70E-646B-A113-929F-A8892B1CFD7B}.Release|x64.Build.0 = Debug|Any CPU
		{1604C70E-646B-A113-929F-A8892B1CFD7B}.Release|x86.ActiveCfg = Debug|Any CPU
		{1604C70E-646B-A113-929F-A8892B1CFD7B}.Release|x86.Build.0 = Debug|Any CPU
		{B44FD70F-CAFF-9174-43A4-54A8EC7ECA8F}.Debug|Any CPU.ActiveCfg = Debug|Any CPU
		{B44FD70F-CAFF-9174-43A4-54A8EC7ECA8F}.Debug|Any CPU.Build.0 = Debug|Any CPU
		{B44FD70F-CAFF-9174-43A4-54A8EC7ECA8F}.Debug|x64.ActiveCfg = Debug|Any CPU
		{B44FD70F-CAFF-9174-43A4-54A8EC7ECA8F}.Debug|x64.Build.0 = Debug|Any CPU
		{B44FD70F-CAFF-9174-43A4-54A8EC7ECA8F}.Debug|x86.ActiveCfg = Debug|Any CPU
		{B44FD70F-CAFF-9174-43A4-54A8EC7ECA8F}.Debug|x86.Build.0 = Debug|Any CPU
		{B44FD70F-CAFF-9174-43A4-54A8EC7ECA8F}.Release|Any CPU.ActiveCfg = Debug|Any CPU
		{B44FD70F-CAFF-9174-43A4-54A8EC7ECA8F}.Release|Any CPU.Build.0 = Debug|Any CPU
		{B44FD70F-CAFF-9174-43A4-54A8EC7ECA8F}.Release|x64.ActiveCfg = Debug|Any CPU
		{B44FD70F-CAFF-9174-43A4-54A8EC7ECA8F}.Release|x64.Build.0 = Debug|Any CPU
		{B44FD70F-CAFF-9174-43A4-54A8EC7ECA8F}.Release|x86.ActiveCfg = Debug|Any CPU
		{B44FD70F-CAFF-9174-43A4-54A8EC7ECA8F}.Release|x86.Build.0 = Debug|Any CPU
		{52EA1C1B-17D1-6089-9DD0-586D46778A43}.Debug|Any CPU.ActiveCfg = Debug|Any CPU
		{52EA1C1B-17D1-6089-9DD0-586D46778A43}.Debug|Any CPU.Build.0 = Debug|Any CPU
		{52EA1C1B-17D1-6089-9DD0-586D46778A43}.Debug|x64.ActiveCfg = Debug|Any CPU
		{52EA1C1B-17D1-6089-9DD0-586D46778A43}.Debug|x64.Build.0 = Debug|Any CPU
		{52EA1C1B-17D1-6089-9DD0-586D46778A43}.Debug|x86.ActiveCfg = Debug|Any CPU
		{52EA1C1B-17D1-6089-9DD0-586D46778A43}.Debug|x86.Build.0 = Debug|Any CPU
		{52EA1C1B-17D1-6089-9DD0-586D46778A43}.Release|Any CPU.ActiveCfg = Debug|Any CPU
		{52EA1C1B-17D1-6089-9DD0-586D46778A43}.Release|Any CPU.Build.0 = Debug|Any CPU
		{52EA1C1B-17D1-6089-9DD0-586D46778A43}.Release|x64.ActiveCfg = Debug|Any CPU
		{52EA1C1B-17D1-6089-9DD0-586D46778A43}.Release|x64.Build.0 = Debug|Any CPU
		{52EA1C1B-17D1-6089-9DD0-586D46778A43}.Release|x86.ActiveCfg = Debug|Any CPU
		{52EA1C1B-17D1-6089-9DD0-586D46778A43}.Release|x86.Build.0 = Debug|Any CPU
		{331A0B3C-AFED-09B9-EDC3-7677B39A2DA2}.Debug|Any CPU.ActiveCfg = Debug|Any CPU
		{331A0B3C-AFED-09B9-EDC3-7677B39A2DA2}.Debug|Any CPU.Build.0 = Debug|Any CPU
		{331A0B3C-AFED-09B9-EDC3-7677B39A2DA2}.Debug|x64.ActiveCfg = Debug|Any CPU
		{331A0B3C-AFED-09B9-EDC3-7677B39A2DA2}.Debug|x64.Build.0 = Debug|Any CPU
		{331A0B3C-AFED-09B9-EDC3-7677B39A2DA2}.Debug|x86.ActiveCfg = Debug|Any CPU
		{331A0B3C-AFED-09B9-EDC3-7677B39A2DA2}.Debug|x86.Build.0 = Debug|Any CPU
		{331A0B3C-AFED-09B9-EDC3-7677B39A2DA2}.Release|Any CPU.ActiveCfg = Debug|Any CPU
		{331A0B3C-AFED-09B9-EDC3-7677B39A2DA2}.Release|Any CPU.Build.0 = Debug|Any CPU
		{331A0B3C-AFED-09B9-EDC3-7677B39A2DA2}.Release|x64.ActiveCfg = Debug|Any CPU
		{331A0B3C-AFED-09B9-EDC3-7677B39A2DA2}.Release|x64.Build.0 = Debug|Any CPU
		{331A0B3C-AFED-09B9-EDC3-7677B39A2DA2}.Release|x86.ActiveCfg = Debug|Any CPU
		{331A0B3C-AFED-09B9-EDC3-7677B39A2DA2}.Release|x86.Build.0 = Debug|Any CPU
		{E4617FA4-77C1-8DCF-3AEB-A2A133A794E8}.Debug|Any CPU.ActiveCfg = Debug|Any CPU
		{E4617FA4-77C1-8DCF-3AEB-A2A133A794E8}.Debug|Any CPU.Build.0 = Debug|Any CPU
		{E4617FA4-77C1-8DCF-3AEB-A2A133A794E8}.Debug|x64.ActiveCfg = Debug|Any CPU
		{E4617FA4-77C1-8DCF-3AEB-A2A133A794E8}.Debug|x64.Build.0 = Debug|Any CPU
		{E4617FA4-77C1-8DCF-3AEB-A2A133A794E8}.Debug|x86.ActiveCfg = Debug|Any CPU
		{E4617FA4-77C1-8DCF-3AEB-A2A133A794E8}.Debug|x86.Build.0 = Debug|Any CPU
		{E4617FA4-77C1-8DCF-3AEB-A2A133A794E8}.Release|Any CPU.ActiveCfg = Debug|Any CPU
		{E4617FA4-77C1-8DCF-3AEB-A2A133A794E8}.Release|Any CPU.Build.0 = Debug|Any CPU
		{E4617FA4-77C1-8DCF-3AEB-A2A133A794E8}.Release|x64.ActiveCfg = Debug|Any CPU
		{E4617FA4-77C1-8DCF-3AEB-A2A133A794E8}.Release|x64.Build.0 = Debug|Any CPU
		{E4617FA4-77C1-8DCF-3AEB-A2A133A794E8}.Release|x86.ActiveCfg = Debug|Any CPU
		{E4617FA4-77C1-8DCF-3AEB-A2A133A794E8}.Release|x86.Build.0 = Debug|Any CPU
		{D48A4E30-B3AE-A829-04ED-2B7AD4173096}.Debug|Any CPU.ActiveCfg = Debug|Any CPU
		{D48A4E30-B3AE-A829-04ED-2B7AD4173096}.Debug|Any CPU.Build.0 = Debug|Any CPU
		{D48A4E30-B3AE-A829-04ED-2B7AD4173096}.Debug|x64.ActiveCfg = Debug|Any CPU
		{D48A4E30-B3AE-A829-04ED-2B7AD4173096}.Debug|x64.Build.0 = Debug|Any CPU
		{D48A4E30-B3AE-A829-04ED-2B7AD4173096}.Debug|x86.ActiveCfg = Debug|Any CPU
		{D48A4E30-B3AE-A829-04ED-2B7AD4173096}.Debug|x86.Build.0 = Debug|Any CPU
		{D48A4E30-B3AE-A829-04ED-2B7AD4173096}.Release|Any CPU.ActiveCfg = Debug|Any CPU
		{D48A4E30-B3AE-A829-04ED-2B7AD4173096}.Release|Any CPU.Build.0 = Debug|Any CPU
		{D48A4E30-B3AE-A829-04ED-2B7AD4173096}.Release|x64.ActiveCfg = Debug|Any CPU
		{D48A4E30-B3AE-A829-04ED-2B7AD4173096}.Release|x64.Build.0 = Debug|Any CPU
		{D48A4E30-B3AE-A829-04ED-2B7AD4173096}.Release|x86.ActiveCfg = Debug|Any CPU
		{D48A4E30-B3AE-A829-04ED-2B7AD4173096}.Release|x86.Build.0 = Debug|Any CPU
		{CCDF7627-27A1-9D50-EA6D-3C6B12C2DCEA}.Debug|Any CPU.ActiveCfg = Debug|Any CPU
		{CCDF7627-27A1-9D50-EA6D-3C6B12C2DCEA}.Debug|Any CPU.Build.0 = Debug|Any CPU
		{CCDF7627-27A1-9D50-EA6D-3C6B12C2DCEA}.Debug|x64.ActiveCfg = Debug|Any CPU
		{CCDF7627-27A1-9D50-EA6D-3C6B12C2DCEA}.Debug|x64.Build.0 = Debug|Any CPU
		{CCDF7627-27A1-9D50-EA6D-3C6B12C2DCEA}.Debug|x86.ActiveCfg = Debug|Any CPU
		{CCDF7627-27A1-9D50-EA6D-3C6B12C2DCEA}.Debug|x86.Build.0 = Debug|Any CPU
		{CCDF7627-27A1-9D50-EA6D-3C6B12C2DCEA}.Release|Any CPU.ActiveCfg = Debug|Any CPU
		{CCDF7627-27A1-9D50-EA6D-3C6B12C2DCEA}.Release|Any CPU.Build.0 = Debug|Any CPU
		{CCDF7627-27A1-9D50-EA6D-3C6B12C2DCEA}.Release|x64.ActiveCfg = Debug|Any CPU
		{CCDF7627-27A1-9D50-EA6D-3C6B12C2DCEA}.Release|x64.Build.0 = Debug|Any CPU
		{CCDF7627-27A1-9D50-EA6D-3C6B12C2DCEA}.Release|x86.ActiveCfg = Debug|Any CPU
		{CCDF7627-27A1-9D50-EA6D-3C6B12C2DCEA}.Release|x86.Build.0 = Debug|Any CPU
		{99F19A12-8911-B619-55FB-E6FF52055C84}.Debug|Any CPU.ActiveCfg = Debug|Any CPU
		{99F19A12-8911-B619-55FB-E6FF52055C84}.Debug|Any CPU.Build.0 = Debug|Any CPU
		{99F19A12-8911-B619-55FB-E6FF52055C84}.Debug|x64.ActiveCfg = Debug|Any CPU
		{99F19A12-8911-B619-55FB-E6FF52055C84}.Debug|x64.Build.0 = Debug|Any CPU
		{99F19A12-8911-B619-55FB-E6FF52055C84}.Debug|x86.ActiveCfg = Debug|Any CPU
		{99F19A12-8911-B619-55FB-E6FF52055C84}.Debug|x86.Build.0 = Debug|Any CPU
		{99F19A12-8911-B619-55FB-E6FF52055C84}.Release|Any CPU.ActiveCfg = Debug|Any CPU
		{99F19A12-8911-B619-55FB-E6FF52055C84}.Release|Any CPU.Build.0 = Debug|Any CPU
		{99F19A12-8911-B619-55FB-E6FF52055C84}.Release|x64.ActiveCfg = Debug|Any CPU
		{99F19A12-8911-B619-55FB-E6FF52055C84}.Release|x64.Build.0 = Debug|Any CPU
		{99F19A12-8911-B619-55FB-E6FF52055C84}.Release|x86.ActiveCfg = Debug|Any CPU
		{99F19A12-8911-B619-55FB-E6FF52055C84}.Release|x86.Build.0 = Debug|Any CPU
		{1F745615-3CC5-D8A3-AC54-90C456B11019}.Debug|Any CPU.ActiveCfg = Debug|Any CPU
		{1F745615-3CC5-D8A3-AC54-90C456B11019}.Debug|Any CPU.Build.0 = Debug|Any CPU
		{1F745615-3CC5-D8A3-AC54-90C456B11019}.Debug|x64.ActiveCfg = Debug|Any CPU
		{1F745615-3CC5-D8A3-AC54-90C456B11019}.Debug|x64.Build.0 = Debug|Any CPU
		{1F745615-3CC5-D8A3-AC54-90C456B11019}.Debug|x86.ActiveCfg = Debug|Any CPU
		{1F745615-3CC5-D8A3-AC54-90C456B11019}.Debug|x86.Build.0 = Debug|Any CPU
		{1F745615-3CC5-D8A3-AC54-90C456B11019}.Release|Any CPU.ActiveCfg = Debug|Any CPU
		{1F745615-3CC5-D8A3-AC54-90C456B11019}.Release|Any CPU.Build.0 = Debug|Any CPU
		{1F745615-3CC5-D8A3-AC54-90C456B11019}.Release|x64.ActiveCfg = Debug|Any CPU
		{1F745615-3CC5-D8A3-AC54-90C456B11019}.Release|x64.Build.0 = Debug|Any CPU
		{1F745615-3CC5-D8A3-AC54-90C456B11019}.Release|x86.ActiveCfg = Debug|Any CPU
		{1F745615-3CC5-D8A3-AC54-90C456B11019}.Release|x86.Build.0 = Debug|Any CPU
		{F3957A05-32FB-7A1D-1800-93B541CF6D76}.Debug|Any CPU.ActiveCfg = Debug|Any CPU
		{F3957A05-32FB-7A1D-1800-93B541CF6D76}.Debug|Any CPU.Build.0 = Debug|Any CPU
		{F3957A05-32FB-7A1D-1800-93B541CF6D76}.Debug|x64.ActiveCfg = Debug|Any CPU
		{F3957A05-32FB-7A1D-1800-93B541CF6D76}.Debug|x64.Build.0 = Debug|Any CPU
		{F3957A05-32FB-7A1D-1800-93B541CF6D76}.Debug|x86.ActiveCfg = Debug|Any CPU
		{F3957A05-32FB-7A1D-1800-93B541CF6D76}.Debug|x86.Build.0 = Debug|Any CPU
		{F3957A05-32FB-7A1D-1800-93B541CF6D76}.Release|Any CPU.ActiveCfg = Debug|Any CPU
		{F3957A05-32FB-7A1D-1800-93B541CF6D76}.Release|Any CPU.Build.0 = Debug|Any CPU
		{F3957A05-32FB-7A1D-1800-93B541CF6D76}.Release|x64.ActiveCfg = Debug|Any CPU
		{F3957A05-32FB-7A1D-1800-93B541CF6D76}.Release|x64.Build.0 = Debug|Any CPU
		{F3957A05-32FB-7A1D-1800-93B541CF6D76}.Release|x86.ActiveCfg = Debug|Any CPU
		{F3957A05-32FB-7A1D-1800-93B541CF6D76}.Release|x86.Build.0 = Debug|Any CPU
		{70D3EFAA-3327-BD04-AFAE-952E7608D229}.Debug|Any CPU.ActiveCfg = Debug|Any CPU
		{70D3EFAA-3327-BD04-AFAE-952E7608D229}.Debug|Any CPU.Build.0 = Debug|Any CPU
		{70D3EFAA-3327-BD04-AFAE-952E7608D229}.Debug|x64.ActiveCfg = Debug|Any CPU
		{70D3EFAA-3327-BD04-AFAE-952E7608D229}.Debug|x64.Build.0 = Debug|Any CPU
		{70D3EFAA-3327-BD04-AFAE-952E7608D229}.Debug|x86.ActiveCfg = Debug|Any CPU
		{70D3EFAA-3327-BD04-AFAE-952E7608D229}.Debug|x86.Build.0 = Debug|Any CPU
		{70D3EFAA-3327-BD04-AFAE-952E7608D229}.Release|Any CPU.ActiveCfg = Debug|Any CPU
		{70D3EFAA-3327-BD04-AFAE-952E7608D229}.Release|Any CPU.Build.0 = Debug|Any CPU
		{70D3EFAA-3327-BD04-AFAE-952E7608D229}.Release|x64.ActiveCfg = Debug|Any CPU
		{70D3EFAA-3327-BD04-AFAE-952E7608D229}.Release|x64.Build.0 = Debug|Any CPU
		{70D3EFAA-3327-BD04-AFAE-952E7608D229}.Release|x86.ActiveCfg = Debug|Any CPU
		{70D3EFAA-3327-BD04-AFAE-952E7608D229}.Release|x86.Build.0 = Debug|Any CPU
		{8298DCBD-7315-42E6-2922-11891D8C374B}.Debug|Any CPU.ActiveCfg = Debug|Any CPU
		{8298DCBD-7315-42E6-2922-11891D8C374B}.Debug|Any CPU.Build.0 = Debug|Any CPU
		{8298DCBD-7315-42E6-2922-11891D8C374B}.Debug|x64.ActiveCfg = Debug|Any CPU
		{8298DCBD-7315-42E6-2922-11891D8C374B}.Debug|x64.Build.0 = Debug|Any CPU
		{8298DCBD-7315-42E6-2922-11891D8C374B}.Debug|x86.ActiveCfg = Debug|Any CPU
		{8298DCBD-7315-42E6-2922-11891D8C374B}.Debug|x86.Build.0 = Debug|Any CPU
		{8298DCBD-7315-42E6-2922-11891D8C374B}.Release|Any CPU.ActiveCfg = Debug|Any CPU
		{8298DCBD-7315-42E6-2922-11891D8C374B}.Release|Any CPU.Build.0 = Debug|Any CPU
		{8298DCBD-7315-42E6-2922-11891D8C374B}.Release|x64.ActiveCfg = Debug|Any CPU
		{8298DCBD-7315-42E6-2922-11891D8C374B}.Release|x64.Build.0 = Debug|Any CPU
		{8298DCBD-7315-42E6-2922-11891D8C374B}.Release|x86.ActiveCfg = Debug|Any CPU
		{8298DCBD-7315-42E6-2922-11891D8C374B}.Release|x86.Build.0 = Debug|Any CPU
		{55B806CD-181F-BA9E-C623-45F582A5674C}.Debug|Any CPU.ActiveCfg = Debug|Any CPU
		{55B806CD-181F-BA9E-C623-45F582A5674C}.Debug|Any CPU.Build.0 = Debug|Any CPU
		{55B806CD-181F-BA9E-C623-45F582A5674C}.Debug|x64.ActiveCfg = Debug|Any CPU
		{55B806CD-181F-BA9E-C623-45F582A5674C}.Debug|x64.Build.0 = Debug|Any CPU
		{55B806CD-181F-BA9E-C623-45F582A5674C}.Debug|x86.ActiveCfg = Debug|Any CPU
		{55B806CD-181F-BA9E-C623-45F582A5674C}.Debug|x86.Build.0 = Debug|Any CPU
		{55B806CD-181F-BA9E-C623-45F582A5674C}.Release|Any CPU.ActiveCfg = Debug|Any CPU
		{55B806CD-181F-BA9E-C623-45F582A5674C}.Release|Any CPU.Build.0 = Debug|Any CPU
		{55B806CD-181F-BA9E-C623-45F582A5674C}.Release|x64.ActiveCfg = Debug|Any CPU
		{55B806CD-181F-BA9E-C623-45F582A5674C}.Release|x64.Build.0 = Debug|Any CPU
		{55B806CD-181F-BA9E-C623-45F582A5674C}.Release|x86.ActiveCfg = Debug|Any CPU
		{55B806CD-181F-BA9E-C623-45F582A5674C}.Release|x86.Build.0 = Debug|Any CPU
		{F3FB01B4-0CA8-943A-5ED3-CA3A0C481283}.Debug|Any CPU.ActiveCfg = Debug|Any CPU
		{F3FB01B4-0CA8-943A-5ED3-CA3A0C481283}.Debug|Any CPU.Build.0 = Debug|Any CPU
		{F3FB01B4-0CA8-943A-5ED3-CA3A0C481283}.Debug|x64.ActiveCfg = Debug|Any CPU
		{F3FB01B4-0CA8-943A-5ED3-CA3A0C481283}.Debug|x64.Build.0 = Debug|Any CPU
		{F3FB01B4-0CA8-943A-5ED3-CA3A0C481283}.Debug|x86.ActiveCfg = Debug|Any CPU
		{F3FB01B4-0CA8-943A-5ED3-CA3A0C481283}.Debug|x86.Build.0 = Debug|Any CPU
		{F3FB01B4-0CA8-943A-5ED3-CA3A0C481283}.Release|Any CPU.ActiveCfg = Debug|Any CPU
		{F3FB01B4-0CA8-943A-5ED3-CA3A0C481283}.Release|Any CPU.Build.0 = Debug|Any CPU
		{F3FB01B4-0CA8-943A-5ED3-CA3A0C481283}.Release|x64.ActiveCfg = Debug|Any CPU
		{F3FB01B4-0CA8-943A-5ED3-CA3A0C481283}.Release|x64.Build.0 = Debug|Any CPU
		{F3FB01B4-0CA8-943A-5ED3-CA3A0C481283}.Release|x86.ActiveCfg = Debug|Any CPU
		{F3FB01B4-0CA8-943A-5ED3-CA3A0C481283}.Release|x86.Build.0 = Debug|Any CPU
		{5F710A54-88B0-6B98-B1A7-5C64D1DBBF2B}.Debug|Any CPU.ActiveCfg = Debug|Any CPU
		{5F710A54-88B0-6B98-B1A7-5C64D1DBBF2B}.Debug|Any CPU.Build.0 = Debug|Any CPU
		{5F710A54-88B0-6B98-B1A7-5C64D1DBBF2B}.Debug|x64.ActiveCfg = Debug|Any CPU
		{5F710A54-88B0-6B98-B1A7-5C64D1DBBF2B}.Debug|x64.Build.0 = Debug|Any CPU
		{5F710A54-88B0-6B98-B1A7-5C64D1DBBF2B}.Debug|x86.ActiveCfg = Debug|Any CPU
		{5F710A54-88B0-6B98-B1A7-5C64D1DBBF2B}.Debug|x86.Build.0 = Debug|Any CPU
		{5F710A54-88B0-6B98-B1A7-5C64D1DBBF2B}.Release|Any CPU.ActiveCfg = Debug|Any CPU
		{5F710A54-88B0-6B98-B1A7-5C64D1DBBF2B}.Release|Any CPU.Build.0 = Debug|Any CPU
		{5F710A54-88B0-6B98-B1A7-5C64D1DBBF2B}.Release|x64.ActiveCfg = Debug|Any CPU
		{5F710A54-88B0-6B98-B1A7-5C64D1DBBF2B}.Release|x64.Build.0 = Debug|Any CPU
		{5F710A54-88B0-6B98-B1A7-5C64D1DBBF2B}.Release|x86.ActiveCfg = Debug|Any CPU
		{5F710A54-88B0-6B98-B1A7-5C64D1DBBF2B}.Release|x86.Build.0 = Debug|Any CPU
		{60EE053C-AFBD-40BD-5F9E-17703ECD8866}.Debug|Any CPU.ActiveCfg = Debug|Any CPU
		{60EE053C-AFBD-40BD-5F9E-17703ECD8866}.Debug|Any CPU.Build.0 = Debug|Any CPU
		{60EE053C-AFBD-40BD-5F9E-17703ECD8866}.Debug|x64.ActiveCfg = Debug|Any CPU
		{60EE053C-AFBD-40BD-5F9E-17703ECD8866}.Debug|x64.Build.0 = Debug|Any CPU
		{60EE053C-AFBD-40BD-5F9E-17703ECD8866}.Debug|x86.ActiveCfg = Debug|Any CPU
		{60EE053C-AFBD-40BD-5F9E-17703ECD8866}.Debug|x86.Build.0 = Debug|Any CPU
		{60EE053C-AFBD-40BD-5F9E-17703ECD8866}.Release|Any CPU.ActiveCfg = Debug|Any CPU
		{60EE053C-AFBD-40BD-5F9E-17703ECD8866}.Release|Any CPU.Build.0 = Debug|Any CPU
		{60EE053C-AFBD-40BD-5F9E-17703ECD8866}.Release|x64.ActiveCfg = Debug|Any CPU
		{60EE053C-AFBD-40BD-5F9E-17703ECD8866}.Release|x64.Build.0 = Debug|Any CPU
		{60EE053C-AFBD-40BD-5F9E-17703ECD8866}.Release|x86.ActiveCfg = Debug|Any CPU
		{60EE053C-AFBD-40BD-5F9E-17703ECD8866}.Release|x86.Build.0 = Debug|Any CPU
		{E55C3F73-C3D2-9868-CB86-8B46FB4DB6F5}.Debug|Any CPU.ActiveCfg = Debug|Any CPU
		{E55C3F73-C3D2-9868-CB86-8B46FB4DB6F5}.Debug|Any CPU.Build.0 = Debug|Any CPU
		{E55C3F73-C3D2-9868-CB86-8B46FB4DB6F5}.Debug|x64.ActiveCfg = Debug|Any CPU
		{E55C3F73-C3D2-9868-CB86-8B46FB4DB6F5}.Debug|x64.Build.0 = Debug|Any CPU
		{E55C3F73-C3D2-9868-CB86-8B46FB4DB6F5}.Debug|x86.ActiveCfg = Debug|Any CPU
		{E55C3F73-C3D2-9868-CB86-8B46FB4DB6F5}.Debug|x86.Build.0 = Debug|Any CPU
		{E55C3F73-C3D2-9868-CB86-8B46FB4DB6F5}.Release|Any CPU.ActiveCfg = Debug|Any CPU
		{E55C3F73-C3D2-9868-CB86-8B46FB4DB6F5}.Release|Any CPU.Build.0 = Debug|Any CPU
		{E55C3F73-C3D2-9868-CB86-8B46FB4DB6F5}.Release|x64.ActiveCfg = Debug|Any CPU
		{E55C3F73-C3D2-9868-CB86-8B46FB4DB6F5}.Release|x64.Build.0 = Debug|Any CPU
		{E55C3F73-C3D2-9868-CB86-8B46FB4DB6F5}.Release|x86.ActiveCfg = Debug|Any CPU
		{E55C3F73-C3D2-9868-CB86-8B46FB4DB6F5}.Release|x86.Build.0 = Debug|Any CPU
		{4B2DB0C7-E293-1C35-965D-EE8D7C808E14}.Debug|Any CPU.ActiveCfg = Debug|Any CPU
		{4B2DB0C7-E293-1C35-965D-EE8D7C808E14}.Debug|Any CPU.Build.0 = Debug|Any CPU
		{4B2DB0C7-E293-1C35-965D-EE8D7C808E14}.Debug|x64.ActiveCfg = Debug|Any CPU
		{4B2DB0C7-E293-1C35-965D-EE8D7C808E14}.Debug|x64.Build.0 = Debug|Any CPU
		{4B2DB0C7-E293-1C35-965D-EE8D7C808E14}.Debug|x86.ActiveCfg = Debug|Any CPU
		{4B2DB0C7-E293-1C35-965D-EE8D7C808E14}.Debug|x86.Build.0 = Debug|Any CPU
		{4B2DB0C7-E293-1C35-965D-EE8D7C808E14}.Release|Any CPU.ActiveCfg = Debug|Any CPU
		{4B2DB0C7-E293-1C35-965D-EE8D7C808E14}.Release|Any CPU.Build.0 = Debug|Any CPU
		{4B2DB0C7-E293-1C35-965D-EE8D7C808E14}.Release|x64.ActiveCfg = Debug|Any CPU
		{4B2DB0C7-E293-1C35-965D-EE8D7C808E14}.Release|x64.Build.0 = Debug|Any CPU
		{4B2DB0C7-E293-1C35-965D-EE8D7C808E14}.Release|x86.ActiveCfg = Debug|Any CPU
		{4B2DB0C7-E293-1C35-965D-EE8D7C808E14}.Release|x86.Build.0 = Debug|Any CPU
		{008B1599-8CAD-37CA-D0C3-DB308574902F}.Debug|Any CPU.ActiveCfg = Debug|Any CPU
		{008B1599-8CAD-37CA-D0C3-DB308574902F}.Debug|Any CPU.Build.0 = Debug|Any CPU
		{008B1599-8CAD-37CA-D0C3-DB308574902F}.Debug|x64.ActiveCfg = Debug|Any CPU
		{008B1599-8CAD-37CA-D0C3-DB308574902F}.Debug|x64.Build.0 = Debug|Any CPU
		{008B1599-8CAD-37CA-D0C3-DB308574902F}.Debug|x86.ActiveCfg = Debug|Any CPU
		{008B1599-8CAD-37CA-D0C3-DB308574902F}.Debug|x86.Build.0 = Debug|Any CPU
		{008B1599-8CAD-37CA-D0C3-DB308574902F}.Release|Any CPU.ActiveCfg = Debug|Any CPU
		{008B1599-8CAD-37CA-D0C3-DB308574902F}.Release|Any CPU.Build.0 = Debug|Any CPU
		{008B1599-8CAD-37CA-D0C3-DB308574902F}.Release|x64.ActiveCfg = Debug|Any CPU
		{008B1599-8CAD-37CA-D0C3-DB308574902F}.Release|x64.Build.0 = Debug|Any CPU
		{008B1599-8CAD-37CA-D0C3-DB308574902F}.Release|x86.ActiveCfg = Debug|Any CPU
		{008B1599-8CAD-37CA-D0C3-DB308574902F}.Release|x86.Build.0 = Debug|Any CPU
		{0D3FD096-FEA7-64D8-FD87-8D36B3F6E3A7}.Debug|Any CPU.ActiveCfg = Debug|Any CPU
		{0D3FD096-FEA7-64D8-FD87-8D36B3F6E3A7}.Debug|Any CPU.Build.0 = Debug|Any CPU
		{0D3FD096-FEA7-64D8-FD87-8D36B3F6E3A7}.Debug|x64.ActiveCfg = Debug|Any CPU
		{0D3FD096-FEA7-64D8-FD87-8D36B3F6E3A7}.Debug|x64.Build.0 = Debug|Any CPU
		{0D3FD096-FEA7-64D8-FD87-8D36B3F6E3A7}.Debug|x86.ActiveCfg = Debug|Any CPU
		{0D3FD096-FEA7-64D8-FD87-8D36B3F6E3A7}.Debug|x86.Build.0 = Debug|Any CPU
		{0D3FD096-FEA7-64D8-FD87-8D36B3F6E3A7}.Release|Any CPU.ActiveCfg = Debug|Any CPU
		{0D3FD096-FEA7-64D8-FD87-8D36B3F6E3A7}.Release|Any CPU.Build.0 = Debug|Any CPU
		{0D3FD096-FEA7-64D8-FD87-8D36B3F6E3A7}.Release|x64.ActiveCfg = Debug|Any CPU
		{0D3FD096-FEA7-64D8-FD87-8D36B3F6E3A7}.Release|x64.Build.0 = Debug|Any CPU
		{0D3FD096-FEA7-64D8-FD87-8D36B3F6E3A7}.Release|x86.ActiveCfg = Debug|Any CPU
		{0D3FD096-FEA7-64D8-FD87-8D36B3F6E3A7}.Release|x86.Build.0 = Debug|Any CPU
		{3F93ED33-98E1-A169-CBE1-E54B1EED4D77}.Debug|Any CPU.ActiveCfg = Debug|Any CPU
		{3F93ED33-98E1-A169-CBE1-E54B1EED4D77}.Debug|Any CPU.Build.0 = Debug|Any CPU
		{3F93ED33-98E1-A169-CBE1-E54B1EED4D77}.Debug|x64.ActiveCfg = Debug|Any CPU
		{3F93ED33-98E1-A169-CBE1-E54B1EED4D77}.Debug|x64.Build.0 = Debug|Any CPU
		{3F93ED33-98E1-A169-CBE1-E54B1EED4D77}.Debug|x86.ActiveCfg = Debug|Any CPU
		{3F93ED33-98E1-A169-CBE1-E54B1EED4D77}.Debug|x86.Build.0 = Debug|Any CPU
		{3F93ED33-98E1-A169-CBE1-E54B1EED4D77}.Release|Any CPU.ActiveCfg = Debug|Any CPU
		{3F93ED33-98E1-A169-CBE1-E54B1EED4D77}.Release|Any CPU.Build.0 = Debug|Any CPU
		{3F93ED33-98E1-A169-CBE1-E54B1EED4D77}.Release|x64.ActiveCfg = Debug|Any CPU
		{3F93ED33-98E1-A169-CBE1-E54B1EED4D77}.Release|x64.Build.0 = Debug|Any CPU
		{3F93ED33-98E1-A169-CBE1-E54B1EED4D77}.Release|x86.ActiveCfg = Debug|Any CPU
		{3F93ED33-98E1-A169-CBE1-E54B1EED4D77}.Release|x86.Build.0 = Debug|Any CPU
		{D1FC0CCE-F0C4-1660-5544-E3B0BE2ACE1E}.Debug|Any CPU.ActiveCfg = Debug|Any CPU
		{D1FC0CCE-F0C4-1660-5544-E3B0BE2ACE1E}.Debug|Any CPU.Build.0 = Debug|Any CPU
		{D1FC0CCE-F0C4-1660-5544-E3B0BE2ACE1E}.Debug|x64.ActiveCfg = Debug|Any CPU
		{D1FC0CCE-F0C4-1660-5544-E3B0BE2ACE1E}.Debug|x64.Build.0 = Debug|Any CPU
		{D1FC0CCE-F0C4-1660-5544-E3B0BE2ACE1E}.Debug|x86.ActiveCfg = Debug|Any CPU
		{D1FC0CCE-F0C4-1660-5544-E3B0BE2ACE1E}.Debug|x86.Build.0 = Debug|Any CPU
		{D1FC0CCE-F0C4-1660-5544-E3B0BE2ACE1E}.Release|Any CPU.ActiveCfg = Debug|Any CPU
		{D1FC0CCE-F0C4-1660-5544-E3B0BE2ACE1E}.Release|Any CPU.Build.0 = Debug|Any CPU
		{D1FC0CCE-F0C4-1660-5544-E3B0BE2ACE1E}.Release|x64.ActiveCfg = Debug|Any CPU
		{D1FC0CCE-F0C4-1660-5544-E3B0BE2ACE1E}.Release|x64.Build.0 = Debug|Any CPU
		{D1FC0CCE-F0C4-1660-5544-E3B0BE2ACE1E}.Release|x86.ActiveCfg = Debug|Any CPU
		{D1FC0CCE-F0C4-1660-5544-E3B0BE2ACE1E}.Release|x86.Build.0 = Debug|Any CPU
		{C6301059-2D19-3955-75FB-1D045EA3DC23}.Debug|Any CPU.ActiveCfg = Debug|Any CPU
		{C6301059-2D19-3955-75FB-1D045EA3DC23}.Debug|Any CPU.Build.0 = Debug|Any CPU
		{C6301059-2D19-3955-75FB-1D045EA3DC23}.Debug|x64.ActiveCfg = Debug|Any CPU
		{C6301059-2D19-3955-75FB-1D045EA3DC23}.Debug|x64.Build.0 = Debug|Any CPU
		{C6301059-2D19-3955-75FB-1D045EA3DC23}.Debug|x86.ActiveCfg = Debug|Any CPU
		{C6301059-2D19-3955-75FB-1D045EA3DC23}.Debug|x86.Build.0 = Debug|Any CPU
		{C6301059-2D19-3955-75FB-1D045EA3DC23}.Release|Any CPU.ActiveCfg = Debug|Any CPU
		{C6301059-2D19-3955-75FB-1D045EA3DC23}.Release|Any CPU.Build.0 = Debug|Any CPU
		{C6301059-2D19-3955-75FB-1D045EA3DC23}.Release|x64.ActiveCfg = Debug|Any CPU
		{C6301059-2D19-3955-75FB-1D045EA3DC23}.Release|x64.Build.0 = Debug|Any CPU
		{C6301059-2D19-3955-75FB-1D045EA3DC23}.Release|x86.ActiveCfg = Debug|Any CPU
		{C6301059-2D19-3955-75FB-1D045EA3DC23}.Release|x86.Build.0 = Debug|Any CPU
		{357275F9-23B5-ED06-A723-291680D452AA}.Debug|Any CPU.ActiveCfg = Debug|Any CPU
		{357275F9-23B5-ED06-A723-291680D452AA}.Debug|Any CPU.Build.0 = Debug|Any CPU
		{357275F9-23B5-ED06-A723-291680D452AA}.Debug|x64.ActiveCfg = Debug|Any CPU
		{357275F9-23B5-ED06-A723-291680D452AA}.Debug|x64.Build.0 = Debug|Any CPU
		{357275F9-23B5-ED06-A723-291680D452AA}.Debug|x86.ActiveCfg = Debug|Any CPU
		{357275F9-23B5-ED06-A723-291680D452AA}.Debug|x86.Build.0 = Debug|Any CPU
		{357275F9-23B5-ED06-A723-291680D452AA}.Release|Any CPU.ActiveCfg = Debug|Any CPU
		{357275F9-23B5-ED06-A723-291680D452AA}.Release|Any CPU.Build.0 = Debug|Any CPU
		{357275F9-23B5-ED06-A723-291680D452AA}.Release|x64.ActiveCfg = Debug|Any CPU
		{357275F9-23B5-ED06-A723-291680D452AA}.Release|x64.Build.0 = Debug|Any CPU
		{357275F9-23B5-ED06-A723-291680D452AA}.Release|x86.ActiveCfg = Debug|Any CPU
		{357275F9-23B5-ED06-A723-291680D452AA}.Release|x86.Build.0 = Debug|Any CPU
		{3A94C6B6-82E5-A1A2-A312-9D8E905E8F4A}.Debug|Any CPU.ActiveCfg = Debug|Any CPU
		{3A94C6B6-82E5-A1A2-A312-9D8E905E8F4A}.Debug|Any CPU.Build.0 = Debug|Any CPU
		{3A94C6B6-82E5-A1A2-A312-9D8E905E8F4A}.Debug|x64.ActiveCfg = Debug|Any CPU
		{3A94C6B6-82E5-A1A2-A312-9D8E905E8F4A}.Debug|x64.Build.0 = Debug|Any CPU
		{3A94C6B6-82E5-A1A2-A312-9D8E905E8F4A}.Debug|x86.ActiveCfg = Debug|Any CPU
		{3A94C6B6-82E5-A1A2-A312-9D8E905E8F4A}.Debug|x86.Build.0 = Debug|Any CPU
		{3A94C6B6-82E5-A1A2-A312-9D8E905E8F4A}.Release|Any CPU.ActiveCfg = Debug|Any CPU
		{3A94C6B6-82E5-A1A2-A312-9D8E905E8F4A}.Release|Any CPU.Build.0 = Debug|Any CPU
		{3A94C6B6-82E5-A1A2-A312-9D8E905E8F4A}.Release|x64.ActiveCfg = Debug|Any CPU
		{3A94C6B6-82E5-A1A2-A312-9D8E905E8F4A}.Release|x64.Build.0 = Debug|Any CPU
		{3A94C6B6-82E5-A1A2-A312-9D8E905E8F4A}.Release|x86.ActiveCfg = Debug|Any CPU
		{3A94C6B6-82E5-A1A2-A312-9D8E905E8F4A}.Release|x86.Build.0 = Debug|Any CPU
		{5EBA1D51-1D22-D1BD-91A2-05A6DF917BC0}.Debug|Any CPU.ActiveCfg = Debug|Any CPU
		{5EBA1D51-1D22-D1BD-91A2-05A6DF917BC0}.Debug|Any CPU.Build.0 = Debug|Any CPU
		{5EBA1D51-1D22-D1BD-91A2-05A6DF917BC0}.Debug|x64.ActiveCfg = Debug|Any CPU
		{5EBA1D51-1D22-D1BD-91A2-05A6DF917BC0}.Debug|x64.Build.0 = Debug|Any CPU
		{5EBA1D51-1D22-D1BD-91A2-05A6DF917BC0}.Debug|x86.ActiveCfg = Debug|Any CPU
		{5EBA1D51-1D22-D1BD-91A2-05A6DF917BC0}.Debug|x86.Build.0 = Debug|Any CPU
		{5EBA1D51-1D22-D1BD-91A2-05A6DF917BC0}.Release|Any CPU.ActiveCfg = Debug|Any CPU
		{5EBA1D51-1D22-D1BD-91A2-05A6DF917BC0}.Release|Any CPU.Build.0 = Debug|Any CPU
		{5EBA1D51-1D22-D1BD-91A2-05A6DF917BC0}.Release|x64.ActiveCfg = Debug|Any CPU
		{5EBA1D51-1D22-D1BD-91A2-05A6DF917BC0}.Release|x64.Build.0 = Debug|Any CPU
		{5EBA1D51-1D22-D1BD-91A2-05A6DF917BC0}.Release|x86.ActiveCfg = Debug|Any CPU
		{5EBA1D51-1D22-D1BD-91A2-05A6DF917BC0}.Release|x86.Build.0 = Debug|Any CPU
		{C9FC60E6-2D7C-5B4B-94CD-2C31E40B6606}.Debug|Any CPU.ActiveCfg = Debug|Any CPU
		{C9FC60E6-2D7C-5B4B-94CD-2C31E40B6606}.Debug|Any CPU.Build.0 = Debug|Any CPU
		{C9FC60E6-2D7C-5B4B-94CD-2C31E40B6606}.Debug|x64.ActiveCfg = Debug|Any CPU
		{C9FC60E6-2D7C-5B4B-94CD-2C31E40B6606}.Debug|x64.Build.0 = Debug|Any CPU
		{C9FC60E6-2D7C-5B4B-94CD-2C31E40B6606}.Debug|x86.ActiveCfg = Debug|Any CPU
		{C9FC60E6-2D7C-5B4B-94CD-2C31E40B6606}.Debug|x86.Build.0 = Debug|Any CPU
		{C9FC60E6-2D7C-5B4B-94CD-2C31E40B6606}.Release|Any CPU.ActiveCfg = Debug|Any CPU
		{C9FC60E6-2D7C-5B4B-94CD-2C31E40B6606}.Release|Any CPU.Build.0 = Debug|Any CPU
		{C9FC60E6-2D7C-5B4B-94CD-2C31E40B6606}.Release|x64.ActiveCfg = Debug|Any CPU
		{C9FC60E6-2D7C-5B4B-94CD-2C31E40B6606}.Release|x64.Build.0 = Debug|Any CPU
		{C9FC60E6-2D7C-5B4B-94CD-2C31E40B6606}.Release|x86.ActiveCfg = Debug|Any CPU
		{C9FC60E6-2D7C-5B4B-94CD-2C31E40B6606}.Release|x86.Build.0 = Debug|Any CPU
		{159E65F6-D363-1A6D-EC57-6DB30DA1B98F}.Debug|Any CPU.ActiveCfg = Debug|Any CPU
		{159E65F6-D363-1A6D-EC57-6DB30DA1B98F}.Debug|Any CPU.Build.0 = Debug|Any CPU
		{159E65F6-D363-1A6D-EC57-6DB30DA1B98F}.Debug|x64.ActiveCfg = Debug|Any CPU
		{159E65F6-D363-1A6D-EC57-6DB30DA1B98F}.Debug|x64.Build.0 = Debug|Any CPU
		{159E65F6-D363-1A6D-EC57-6DB30DA1B98F}.Debug|x86.ActiveCfg = Debug|Any CPU
		{159E65F6-D363-1A6D-EC57-6DB30DA1B98F}.Debug|x86.Build.0 = Debug|Any CPU
		{159E65F6-D363-1A6D-EC57-6DB30DA1B98F}.Release|Any CPU.ActiveCfg = Debug|Any CPU
		{159E65F6-D363-1A6D-EC57-6DB30DA1B98F}.Release|Any CPU.Build.0 = Debug|Any CPU
		{159E65F6-D363-1A6D-EC57-6DB30DA1B98F}.Release|x64.ActiveCfg = Debug|Any CPU
		{159E65F6-D363-1A6D-EC57-6DB30DA1B98F}.Release|x64.Build.0 = Debug|Any CPU
		{159E65F6-D363-1A6D-EC57-6DB30DA1B98F}.Release|x86.ActiveCfg = Debug|Any CPU
		{159E65F6-D363-1A6D-EC57-6DB30DA1B98F}.Release|x86.Build.0 = Debug|Any CPU
		{3BCBABA4-9D0F-22B7-ABC9-3043E747B936}.Debug|Any CPU.ActiveCfg = Debug|Any CPU
		{3BCBABA4-9D0F-22B7-ABC9-3043E747B936}.Debug|Any CPU.Build.0 = Debug|Any CPU
		{3BCBABA4-9D0F-22B7-ABC9-3043E747B936}.Debug|x64.ActiveCfg = Debug|Any CPU
		{3BCBABA4-9D0F-22B7-ABC9-3043E747B936}.Debug|x64.Build.0 = Debug|Any CPU
		{3BCBABA4-9D0F-22B7-ABC9-3043E747B936}.Debug|x86.ActiveCfg = Debug|Any CPU
		{3BCBABA4-9D0F-22B7-ABC9-3043E747B936}.Debug|x86.Build.0 = Debug|Any CPU
		{3BCBABA4-9D0F-22B7-ABC9-3043E747B936}.Release|Any CPU.ActiveCfg = Debug|Any CPU
		{3BCBABA4-9D0F-22B7-ABC9-3043E747B936}.Release|Any CPU.Build.0 = Debug|Any CPU
		{3BCBABA4-9D0F-22B7-ABC9-3043E747B936}.Release|x64.ActiveCfg = Debug|Any CPU
		{3BCBABA4-9D0F-22B7-ABC9-3043E747B936}.Release|x64.Build.0 = Debug|Any CPU
		{3BCBABA4-9D0F-22B7-ABC9-3043E747B936}.Release|x86.ActiveCfg = Debug|Any CPU
		{3BCBABA4-9D0F-22B7-ABC9-3043E747B936}.Release|x86.Build.0 = Debug|Any CPU
		{1DE184F3-E081-2095-D2B8-015F99A561AB}.Debug|Any CPU.ActiveCfg = Debug|Any CPU
		{1DE184F3-E081-2095-D2B8-015F99A561AB}.Debug|Any CPU.Build.0 = Debug|Any CPU
		{1DE184F3-E081-2095-D2B8-015F99A561AB}.Debug|x64.ActiveCfg = Debug|Any CPU
		{1DE184F3-E081-2095-D2B8-015F99A561AB}.Debug|x64.Build.0 = Debug|Any CPU
		{1DE184F3-E081-2095-D2B8-015F99A561AB}.Debug|x86.ActiveCfg = Debug|Any CPU
		{1DE184F3-E081-2095-D2B8-015F99A561AB}.Debug|x86.Build.0 = Debug|Any CPU
		{1DE184F3-E081-2095-D2B8-015F99A561AB}.Release|Any CPU.ActiveCfg = Debug|Any CPU
		{1DE184F3-E081-2095-D2B8-015F99A561AB}.Release|Any CPU.Build.0 = Debug|Any CPU
		{1DE184F3-E081-2095-D2B8-015F99A561AB}.Release|x64.ActiveCfg = Debug|Any CPU
		{1DE184F3-E081-2095-D2B8-015F99A561AB}.Release|x64.Build.0 = Debug|Any CPU
		{1DE184F3-E081-2095-D2B8-015F99A561AB}.Release|x86.ActiveCfg = Debug|Any CPU
		{1DE184F3-E081-2095-D2B8-015F99A561AB}.Release|x86.Build.0 = Debug|Any CPU
		{A2DBBBD2-B411-10F8-25F7-27DE9C892D8B}.Debug|Any CPU.ActiveCfg = Debug|Any CPU
		{A2DBBBD2-B411-10F8-25F7-27DE9C892D8B}.Debug|Any CPU.Build.0 = Debug|Any CPU
		{A2DBBBD2-B411-10F8-25F7-27DE9C892D8B}.Debug|x64.ActiveCfg = Debug|Any CPU
		{A2DBBBD2-B411-10F8-25F7-27DE9C892D8B}.Debug|x64.Build.0 = Debug|Any CPU
		{A2DBBBD2-B411-10F8-25F7-27DE9C892D8B}.Debug|x86.ActiveCfg = Debug|Any CPU
		{A2DBBBD2-B411-10F8-25F7-27DE9C892D8B}.Debug|x86.Build.0 = Debug|Any CPU
		{A2DBBBD2-B411-10F8-25F7-27DE9C892D8B}.Release|Any CPU.ActiveCfg = Debug|Any CPU
		{A2DBBBD2-B411-10F8-25F7-27DE9C892D8B}.Release|Any CPU.Build.0 = Debug|Any CPU
		{A2DBBBD2-B411-10F8-25F7-27DE9C892D8B}.Release|x64.ActiveCfg = Debug|Any CPU
		{A2DBBBD2-B411-10F8-25F7-27DE9C892D8B}.Release|x64.Build.0 = Debug|Any CPU
		{A2DBBBD2-B411-10F8-25F7-27DE9C892D8B}.Release|x86.ActiveCfg = Debug|Any CPU
		{A2DBBBD2-B411-10F8-25F7-27DE9C892D8B}.Release|x86.Build.0 = Debug|Any CPU
	EndGlobalSection
	GlobalSection(SolutionProperties) = preSolution
		HideSolutionNode = FALSE
	EndGlobalSection
	GlobalSection(NestedProjects) = preSolution
		{CCF5D7E3-D5C6-4DE6-BB2D-1A931602F1AB} = {46008B91-6EC0-448B-8D1A-D8C6D2EEBEF4}
		{1059524B-9F01-4C3E-8A7C-6BBDD1D174C7} = {46008B91-6EC0-448B-8D1A-D8C6D2EEBEF4}
		{6AFC109E-85DE-4A14-9C81-95D93C3F90AE} = {46008B91-6EC0-448B-8D1A-D8C6D2EEBEF4}
		{4B15C845-B5BD-4105-AE91-9B057F8AC134} = {46008B91-6EC0-448B-8D1A-D8C6D2EEBEF4}
		{FCB2EF97-BA34-49F7-B859-68E1AC98877E} = {1272AF7B-A962-4BA4-8A9C-FFA7E131A0AC}
		{1D028A2B-515C-49E2-923B-094CBD89BE5A} = {1272AF7B-A962-4BA4-8A9C-FFA7E131A0AC}
		{1D5E890A-C9D5-45DF-B098-73DBE39EB311} = {46008B91-6EC0-448B-8D1A-D8C6D2EEBEF4}
		{2CF9A444-C227-40A6-89A8-A31D7A131694} = {1272AF7B-A962-4BA4-8A9C-FFA7E131A0AC}
		{EE473828-55A5-4134-8515-D805CD576CF0} = {1272AF7B-A962-4BA4-8A9C-FFA7E131A0AC}
		{FE5BD9E4-B8AA-4A19-8AD5-CEBF30F15005} = {46008B91-6EC0-448B-8D1A-D8C6D2EEBEF4}
		{E9B70E39-09C9-4BF7-8148-D1AAC5F5D57A} = {8E1D1BFC-13E9-4007-888B-34F84E3B0595}
		{CCDF7627-27A1-9D50-EA6D-3C6B12C2DCEA} = {E9B70E39-09C9-4BF7-8148-D1AAC5F5D57A}
		{70D3EFAA-3327-BD04-AFAE-952E7608D229} = {E9B70E39-09C9-4BF7-8148-D1AAC5F5D57A}
		{8298DCBD-7315-42E6-2922-11891D8C374B} = {E9B70E39-09C9-4BF7-8148-D1AAC5F5D57A}
		{99F19A12-8911-B619-55FB-E6FF52055C84} = {E9B70E39-09C9-4BF7-8148-D1AAC5F5D57A}
		{F3FB01B4-0CA8-943A-5ED3-CA3A0C481283} = {E9B70E39-09C9-4BF7-8148-D1AAC5F5D57A}
		{55B806CD-181F-BA9E-C623-45F582A5674C} = {E9B70E39-09C9-4BF7-8148-D1AAC5F5D57A}
		{60EE053C-AFBD-40BD-5F9E-17703ECD8866} = {E9B70E39-09C9-4BF7-8148-D1AAC5F5D57A}
		{1F745615-3CC5-D8A3-AC54-90C456B11019} = {E9B70E39-09C9-4BF7-8148-D1AAC5F5D57A}
		{5F710A54-88B0-6B98-B1A7-5C64D1DBBF2B} = {E9B70E39-09C9-4BF7-8148-D1AAC5F5D57A}
		{F3957A05-32FB-7A1D-1800-93B541CF6D76} = {E9B70E39-09C9-4BF7-8148-D1AAC5F5D57A}
		{E55C3F73-C3D2-9868-CB86-8B46FB4DB6F5} = {E9B70E39-09C9-4BF7-8148-D1AAC5F5D57A}
		{4B2DB0C7-E293-1C35-965D-EE8D7C808E14} = {E9B70E39-09C9-4BF7-8148-D1AAC5F5D57A}
		{008B1599-8CAD-37CA-D0C3-DB308574902F} = {E9B70E39-09C9-4BF7-8148-D1AAC5F5D57A}
		{3F93ED33-98E1-A169-CBE1-E54B1EED4D77} = {E9B70E39-09C9-4BF7-8148-D1AAC5F5D57A}
		{D1FC0CCE-F0C4-1660-5544-E3B0BE2ACE1E} = {E9B70E39-09C9-4BF7-8148-D1AAC5F5D57A}
		{5A2E81DD-78C9-48DF-8DFD-8EDACE114749} = {8E1D1BFC-13E9-4007-888B-34F84E3B0595}
		{1604C70E-646B-A113-929F-A8892B1CFD7B} = {5A2E81DD-78C9-48DF-8DFD-8EDACE114749}
		{B44FD70F-CAFF-9174-43A4-54A8EC7ECA8F} = {5A2E81DD-78C9-48DF-8DFD-8EDACE114749}
		{52EA1C1B-17D1-6089-9DD0-586D46778A43} = {5A2E81DD-78C9-48DF-8DFD-8EDACE114749}
		{331A0B3C-AFED-09B9-EDC3-7677B39A2DA2} = {5A2E81DD-78C9-48DF-8DFD-8EDACE114749}
		{E4617FA4-77C1-8DCF-3AEB-A2A133A794E8} = {5A2E81DD-78C9-48DF-8DFD-8EDACE114749}
		{0D3FD096-FEA7-64D8-FD87-8D36B3F6E3A7} = {5A2E81DD-78C9-48DF-8DFD-8EDACE114749}
		{D48A4E30-B3AE-A829-04ED-2B7AD4173096} = {5A2E81DD-78C9-48DF-8DFD-8EDACE114749}
		{C6301059-2D19-3955-75FB-1D045EA3DC23} = {E9B70E39-09C9-4BF7-8148-D1AAC5F5D57A}
		{357275F9-23B5-ED06-A723-291680D452AA} = {E9B70E39-09C9-4BF7-8148-D1AAC5F5D57A}
		{3A94C6B6-82E5-A1A2-A312-9D8E905E8F4A} = {E9B70E39-09C9-4BF7-8148-D1AAC5F5D57A}
		{5EBA1D51-1D22-D1BD-91A2-05A6DF917BC0} = {E9B70E39-09C9-4BF7-8148-D1AAC5F5D57A}
		{C9FC60E6-2D7C-5B4B-94CD-2C31E40B6606} = {E9B70E39-09C9-4BF7-8148-D1AAC5F5D57A}
		{159E65F6-D363-1A6D-EC57-6DB30DA1B98F} = {E9B70E39-09C9-4BF7-8148-D1AAC5F5D57A}
		{3BCBABA4-9D0F-22B7-ABC9-3043E747B936} = {E9B70E39-09C9-4BF7-8148-D1AAC5F5D57A}
		{1DE184F3-E081-2095-D2B8-015F99A561AB} = {E9B70E39-09C9-4BF7-8148-D1AAC5F5D57A}
		{A2DBBBD2-B411-10F8-25F7-27DE9C892D8B} = {E9B70E39-09C9-4BF7-8148-D1AAC5F5D57A}
	EndGlobalSection
	GlobalSection(ExtensibilityGlobals) = postSolution
		SolutionGuid = {EABC01E3-3EB5-47EF-B46E-AAD8BB3585F1}
	EndGlobalSection
EndGlobal
