
Microsoft Visual Studio Solution File, Format Version 12.00
# Visual Studio Version 17
VisualStudioVersion = 17.0.31903.59
MinimumVisualStudioVersion = 10.0.40219.1
Project("{2150E333-8FDC-42A3-9474-1A3956D46DE8}") = "Unity", "Unity", "{914C77C9-212A-4DD0-8D9A-074620E77FAA}"
EndProject
Project("{2150E333-8FDC-42A3-9474-1A3956D46DE8}") = "DotNet", "DotNet", "{46008B91-6EC0-448B-8D1A-D8C6D2EEBEF4}"
EndProject
Project("{FAE04EC0-301F-11D3-BF4B-00C04F79EFBC}") = "DotNet.App", "DotNet\App\DotNet.App.csproj", "{CCF5D7E3-D5C6-4DE6-BB2D-1A931602F1AB}"
EndProject
Project("{FAE04EC0-301F-11D3-BF4B-00C04F79EFBC}") = "DotNet.Hotfix", "DotNet\Hotfix\DotNet.Hotfix.csproj", "{1059524B-9F01-4C3E-8A7C-6BBDD1D174C7}"
EndProject
Project("{FAE04EC0-301F-11D3-BF4B-00C04F79EFBC}") = "DotNet.Model", "DotNet\Model\DotNet.Model.csproj", "{6AFC109E-85DE-4A14-9C81-95D93C3F90AE}"
EndProject
Project("{FAE04EC0-301F-11D3-BF4B-00C04F79EFBC}") = "DotNet.Library", "DotNet\Library\DotNet.Library.csproj", "{4B15C845-B5BD-4105-AE91-9B057F8AC134}"
EndProject
Project("{2150E333-8FDC-42A3-9474-1A3956D46DE8}") = "Share", "Share", "{1272AF7B-A962-4BA4-8A9C-FFA7E131A0AC}"
EndProject
Project("{FAE04EC0-301F-11D3-BF4B-00C04F79EFBC}") = "Share.Analyzer", "Share\Analyzer\Share.Analyzer.csproj", "{FCB2EF97-BA34-49F7-B859-68E1AC98877E}"
EndProject
Project("{FAE04EC0-301F-11D3-BF4B-00C04F79EFBC}") = "Share.Tool", "Share\Tool\Share.Tool.csproj", "{1D028A2B-515C-49E2-923B-094CBD89BE5A}"
EndProject
Project("{FAE04EC0-301F-11D3-BF4B-00C04F79EFBC}") = "DotNet.Loader", "DotNet\Loader\DotNet.Loader.csproj", "{1D5E890A-C9D5-45DF-B098-73DBE39EB311}"
EndProject
Project("{FAE04EC0-301F-11D3-BF4B-00C04F79EFBC}") = "ProtoBuf", "Unity\ProtoBuf.csproj", "{62E907F9-A5AE-6AC6-47C8-19922FFB9C33}"
EndProject
Project("{FAE04EC0-301F-11D3-BF4B-00C04F79EFBC}") = "UnityGameFramework.Runtime", "Unity\UnityGameFramework.Runtime.csproj", "{F3957A05-32FB-7A1D-1800-93B541CF6D76}"
EndProject
Project("{FAE04EC0-301F-11D3-BF4B-00C04F79EFBC}") = "GameFramework", "Unity\GameFramework.csproj", "{99F19A12-8911-B619-55FB-E6FF52055C84}"
EndProject
Project("{2150E333-8FDC-42A3-9474-1A3956D46DE8}") = "ET", "ET", "{77B9CF0B-8094-494D-9771-0D45DA5CC4B9}"
EndProject
Project("{2150E333-8FDC-42A3-9474-1A3956D46DE8}") = "Library", "Library", "{4840477F-9206-41AE-A893-DB58517BA39A}"
EndProject
Project("{2150E333-8FDC-42A3-9474-1A3956D46DE8}") = "Game", "Game", "{B3E5B0B7-19BA-4A9A-9B0D-44A7598962C2}"
EndProject
Project("{FAE04EC0-301F-11D3-BF4B-00C04F79EFBC}") = "Game.ET.Code.Hotfix", "Unity\Game.ET.Code.Hotfix.csproj", "{B44FD70F-CAFF-9174-43A4-54A8EC7ECA8F}"
EndProject
Project("{FAE04EC0-301F-11D3-BF4B-00C04F79EFBC}") = "Game.ET.Code.HotfixView", "Unity\Game.ET.Code.HotfixView.csproj", "{52EA1C1B-17D1-6089-9DD0-586D46778A43}"
EndProject
Project("{FAE04EC0-301F-11D3-BF4B-00C04F79EFBC}") = "Game.ET.Code.Model", "Unity\Game.ET.Code.Model.csproj", "{331A0B3C-AFED-09B9-EDC3-7677B39A2DA2}"
EndProject
Project("{FAE04EC0-301F-11D3-BF4B-00C04F79EFBC}") = "Game.ET.Code.ModelView", "Unity\Game.ET.Code.ModelView.csproj", "{E4617FA4-77C1-8DCF-3AEB-A2A133A794E8}"
EndProject
Project("{FAE04EC0-301F-11D3-BF4B-00C04F79EFBC}") = "Game.ET.Loader", "Unity\Game.ET.Loader.csproj", "{D48A4E30-B3AE-A829-04ED-2B7AD4173096}"
EndProject
Project("{FAE04EC0-301F-11D3-BF4B-00C04F79EFBC}") = "Game", "Unity\Game.csproj", "{70D3EFAA-3327-BD04-AFAE-952E7608D229}"
EndProject
Project("{FAE04EC0-301F-11D3-BF4B-00C04F79EFBC}") = "StompyRobot.SRDebugger", "Unity\StompyRobot.SRDebugger.csproj", "{4B2DB0C7-E293-1C35-965D-EE8D7C808E14}"
EndProject
Project("{FAE04EC0-301F-11D3-BF4B-00C04F79EFBC}") = "StompyRobot.SRF", "Unity\StompyRobot.SRF.csproj", "{008B1599-8CAD-37CA-D0C3-DB308574902F}"
EndProject
Project("{FAE04EC0-301F-11D3-BF4B-00C04F79EFBC}") = "Share.FileServer", "Share\FileServer\Share.FileServer.csproj", "{2CF9A444-C227-40A6-89A8-A31D7A131694}"
EndProject
Project("{FAE04EC0-301F-11D3-BF4B-00C04F79EFBC}") = "CodeBind", "Unity\CodeBind.csproj", "{28471F87-4E0F-5B7F-D2F4-2CA0494E1E14}"
EndProject
Project("{FAE04EC0-301F-11D3-BF4B-00C04F79EFBC}") = "UnityGameFramework.Extension", "Unity\UnityGameFramework.Extension.csproj", "{1F745615-3CC5-D8A3-AC54-90C456B11019}"
EndProject
Project("{FAE04EC0-301F-11D3-BF4B-00C04F79EFBC}") = "LubanLib", "Unity\LubanLib.csproj", "{F3FB01B4-0CA8-943A-5ED3-CA3A0C481283}"
EndProject
Project("{FAE04EC0-301F-11D3-BF4B-00C04F79EFBC}") = "ET", "Unity\ET.csproj", "{80627A4F-F18F-6DE4-8D19-61DB5CB0C6A5}"
EndProject
Global
	GlobalSection(SolutionConfigurationPlatforms) = preSolution
		Debug|Any CPU = Debug|Any CPU
		Debug|x64 = Debug|x64
		Debug|x86 = Debug|x86
		Release|Any CPU = Release|Any CPU
		Release|x64 = Release|x64
		Release|x86 = Release|x86
	EndGlobalSection
	GlobalSection(ProjectConfigurationPlatforms) = postSolution
		{CCF5D7E3-D5C6-4DE6-BB2D-1A931602F1AB}.Debug|x64.ActiveCfg = Debug|Any CPU
		{CCF5D7E3-D5C6-4DE6-BB2D-1A931602F1AB}.Debug|x64.Build.0 = Debug|Any CPU
		{CCF5D7E3-D5C6-4DE6-BB2D-1A931602F1AB}.Debug|x86.ActiveCfg = Debug|Any CPU
		{CCF5D7E3-D5C6-4DE6-BB2D-1A931602F1AB}.Debug|x86.Build.0 = Debug|Any CPU
		{CCF5D7E3-D5C6-4DE6-BB2D-1A931602F1AB}.Release|Any CPU.ActiveCfg = Release|Any CPU
		{CCF5D7E3-D5C6-4DE6-BB2D-1A931602F1AB}.Release|Any CPU.Build.0 = Release|Any CPU
		{CCF5D7E3-D5C6-4DE6-BB2D-1A931602F1AB}.Release|x64.ActiveCfg = Release|Any CPU
		{CCF5D7E3-D5C6-4DE6-BB2D-1A931602F1AB}.Release|x64.Build.0 = Release|Any CPU
		{CCF5D7E3-D5C6-4DE6-BB2D-1A931602F1AB}.Release|x86.ActiveCfg = Release|Any CPU
		{CCF5D7E3-D5C6-4DE6-BB2D-1A931602F1AB}.Release|x86.Build.0 = Release|Any CPU
		{CCF5D7E3-D5C6-4DE6-BB2D-1A931602F1AB}.Debug|Any CPU.ActiveCfg = Debug|Any CPU
		{CCF5D7E3-D5C6-4DE6-BB2D-1A931602F1AB}.Debug|Any CPU.Build.0 = Debug|Any CPU
		{1059524B-9F01-4C3E-8A7C-6BBDD1D174C7}.Debug|x64.ActiveCfg = Debug|Any CPU
		{1059524B-9F01-4C3E-8A7C-6BBDD1D174C7}.Debug|x64.Build.0 = Debug|Any CPU
		{1059524B-9F01-4C3E-8A7C-6BBDD1D174C7}.Debug|x86.ActiveCfg = Debug|Any CPU
		{1059524B-9F01-4C3E-8A7C-6BBDD1D174C7}.Debug|x86.Build.0 = Debug|Any CPU
		{1059524B-9F01-4C3E-8A7C-6BBDD1D174C7}.Release|Any CPU.ActiveCfg = Release|Any CPU
		{1059524B-9F01-4C3E-8A7C-6BBDD1D174C7}.Release|Any CPU.Build.0 = Release|Any CPU
		{1059524B-9F01-4C3E-8A7C-6BBDD1D174C7}.Release|x64.ActiveCfg = Release|Any CPU
		{1059524B-9F01-4C3E-8A7C-6BBDD1D174C7}.Release|x64.Build.0 = Release|Any CPU
		{1059524B-9F01-4C3E-8A7C-6BBDD1D174C7}.Release|x86.ActiveCfg = Release|Any CPU
		{1059524B-9F01-4C3E-8A7C-6BBDD1D174C7}.Release|x86.Build.0 = Release|Any CPU
		{1059524B-9F01-4C3E-8A7C-6BBDD1D174C7}.Debug|Any CPU.ActiveCfg = Debug|Any CPU
		{1059524B-9F01-4C3E-8A7C-6BBDD1D174C7}.Debug|Any CPU.Build.0 = Debug|Any CPU
		{6AFC109E-85DE-4A14-9C81-95D93C3F90AE}.Debug|x64.ActiveCfg = Debug|Any CPU
		{6AFC109E-85DE-4A14-9C81-95D93C3F90AE}.Debug|x64.Build.0 = Debug|Any CPU
		{6AFC109E-85DE-4A14-9C81-95D93C3F90AE}.Debug|x86.ActiveCfg = Debug|Any CPU
		{6AFC109E-85DE-4A14-9C81-95D93C3F90AE}.Debug|x86.Build.0 = Debug|Any CPU
		{6AFC109E-85DE-4A14-9C81-95D93C3F90AE}.Release|Any CPU.ActiveCfg = Release|Any CPU
		{6AFC109E-85DE-4A14-9C81-95D93C3F90AE}.Release|Any CPU.Build.0 = Release|Any CPU
		{6AFC109E-85DE-4A14-9C81-95D93C3F90AE}.Release|x64.ActiveCfg = Release|Any CPU
		{6AFC109E-85DE-4A14-9C81-95D93C3F90AE}.Release|x64.Build.0 = Release|Any CPU
		{6AFC109E-85DE-4A14-9C81-95D93C3F90AE}.Release|x86.ActiveCfg = Release|Any CPU
		{6AFC109E-85DE-4A14-9C81-95D93C3F90AE}.Release|x86.Build.0 = Release|Any CPU
		{6AFC109E-85DE-4A14-9C81-95D93C3F90AE}.Debug|Any CPU.ActiveCfg = Debug|Any CPU
		{6AFC109E-85DE-4A14-9C81-95D93C3F90AE}.Debug|Any CPU.Build.0 = Debug|Any CPU
		{4B15C845-B5BD-4105-AE91-9B057F8AC134}.Debug|x64.ActiveCfg = Debug|Any CPU
		{4B15C845-B5BD-4105-AE91-9B057F8AC134}.Debug|x64.Build.0 = Debug|Any CPU
		{4B15C845-B5BD-4105-AE91-9B057F8AC134}.Debug|x86.ActiveCfg = Debug|Any CPU
		{4B15C845-B5BD-4105-AE91-9B057F8AC134}.Debug|x86.Build.0 = Debug|Any CPU
		{4B15C845-B5BD-4105-AE91-9B057F8AC134}.Release|Any CPU.ActiveCfg = Release|Any CPU
		{4B15C845-B5BD-4105-AE91-9B057F8AC134}.Release|Any CPU.Build.0 = Release|Any CPU
		{4B15C845-B5BD-4105-AE91-9B057F8AC134}.Release|x64.ActiveCfg = Release|Any CPU
		{4B15C845-B5BD-4105-AE91-9B057F8AC134}.Release|x64.Build.0 = Release|Any CPU
		{4B15C845-B5BD-4105-AE91-9B057F8AC134}.Release|x86.ActiveCfg = Release|Any CPU
		{4B15C845-B5BD-4105-AE91-9B057F8AC134}.Release|x86.Build.0 = Release|Any CPU
		{4B15C845-B5BD-4105-AE91-9B057F8AC134}.Debug|Any CPU.ActiveCfg = Debug|Any CPU
		{4B15C845-B5BD-4105-AE91-9B057F8AC134}.Debug|Any CPU.Build.0 = Debug|Any CPU
		{FCB2EF97-BA34-49F7-B859-68E1AC98877E}.Debug|Any CPU.ActiveCfg = Debug|Any CPU
		{FCB2EF97-BA34-49F7-B859-68E1AC98877E}.Debug|Any CPU.Build.0 = Debug|Any CPU
		{FCB2EF97-BA34-49F7-B859-68E1AC98877E}.Debug|x64.ActiveCfg = Debug|Any CPU
		{FCB2EF97-BA34-49F7-B859-68E1AC98877E}.Debug|x64.Build.0 = Debug|Any CPU
		{FCB2EF97-BA34-49F7-B859-68E1AC98877E}.Debug|x86.ActiveCfg = Debug|Any CPU
		{FCB2EF97-BA34-49F7-B859-68E1AC98877E}.Debug|x86.Build.0 = Debug|Any CPU
		{FCB2EF97-BA34-49F7-B859-68E1AC98877E}.Release|Any CPU.ActiveCfg = Release|Any CPU
		{FCB2EF97-BA34-49F7-B859-68E1AC98877E}.Release|Any CPU.Build.0 = Release|Any CPU
		{FCB2EF97-BA34-49F7-B859-68E1AC98877E}.Release|x64.ActiveCfg = Release|Any CPU
		{FCB2EF97-BA34-49F7-B859-68E1AC98877E}.Release|x64.Build.0 = Release|Any CPU
		{FCB2EF97-BA34-49F7-B859-68E1AC98877E}.Release|x86.ActiveCfg = Release|Any CPU
		{FCB2EF97-BA34-49F7-B859-68E1AC98877E}.Release|x86.Build.0 = Release|Any CPU
		{1D028A2B-515C-49E2-923B-094CBD89BE5A}.Debug|Any CPU.ActiveCfg = Debug|Any CPU
		{1D028A2B-515C-49E2-923B-094CBD89BE5A}.Debug|Any CPU.Build.0 = Debug|Any CPU
		{1D028A2B-515C-49E2-923B-094CBD89BE5A}.Debug|x64.ActiveCfg = Debug|Any CPU
		{1D028A2B-515C-49E2-923B-094CBD89BE5A}.Debug|x64.Build.0 = Debug|Any CPU
		{1D028A2B-515C-49E2-923B-094CBD89BE5A}.Debug|x86.ActiveCfg = Debug|Any CPU
		{1D028A2B-515C-49E2-923B-094CBD89BE5A}.Debug|x86.Build.0 = Debug|Any CPU
		{1D028A2B-515C-49E2-923B-094CBD89BE5A}.Release|Any CPU.ActiveCfg = Release|Any CPU
		{1D028A2B-515C-49E2-923B-094CBD89BE5A}.Release|Any CPU.Build.0 = Release|Any CPU
		{1D028A2B-515C-49E2-923B-094CBD89BE5A}.Release|x64.ActiveCfg = Release|Any CPU
		{1D028A2B-515C-49E2-923B-094CBD89BE5A}.Release|x64.Build.0 = Release|Any CPU
		{1D028A2B-515C-49E2-923B-094CBD89BE5A}.Release|x86.ActiveCfg = Release|Any CPU
		{1D028A2B-515C-49E2-923B-094CBD89BE5A}.Release|x86.Build.0 = Release|Any CPU
		{1D5E890A-C9D5-45DF-B098-73DBE39EB311}.Debug|Any CPU.ActiveCfg = Debug|Any CPU
		{1D5E890A-C9D5-45DF-B098-73DBE39EB311}.Debug|Any CPU.Build.0 = Debug|Any CPU
		{1D5E890A-C9D5-45DF-B098-73DBE39EB311}.Debug|x64.ActiveCfg = Debug|Any CPU
		{1D5E890A-C9D5-45DF-B098-73DBE39EB311}.Debug|x64.Build.0 = Debug|Any CPU
		{1D5E890A-C9D5-45DF-B098-73DBE39EB311}.Debug|x86.ActiveCfg = Debug|Any CPU
		{1D5E890A-C9D5-45DF-B098-73DBE39EB311}.Debug|x86.Build.0 = Debug|Any CPU
		{1D5E890A-C9D5-45DF-B098-73DBE39EB311}.Release|Any CPU.ActiveCfg = Release|Any CPU
		{1D5E890A-C9D5-45DF-B098-73DBE39EB311}.Release|Any CPU.Build.0 = Release|Any CPU
		{1D5E890A-C9D5-45DF-B098-73DBE39EB311}.Release|x64.ActiveCfg = Release|Any CPU
		{1D5E890A-C9D5-45DF-B098-73DBE39EB311}.Release|x64.Build.0 = Release|Any CPU
		{1D5E890A-C9D5-45DF-B098-73DBE39EB311}.Release|x86.ActiveCfg = Release|Any CPU
		{1D5E890A-C9D5-45DF-B098-73DBE39EB311}.Release|x86.Build.0 = Release|Any CPU
		{62E907F9-A5AE-6AC6-47C8-19922FFB9C33}.Debug|Any CPU.ActiveCfg = Debug|Any CPU
		{62E907F9-A5AE-6AC6-47C8-19922FFB9C33}.Debug|Any CPU.Build.0 = Debug|Any CPU
		{62E907F9-A5AE-6AC6-47C8-19922FFB9C33}.Debug|x64.ActiveCfg = Debug|Any CPU
		{62E907F9-A5AE-6AC6-47C8-19922FFB9C33}.Debug|x64.Build.0 = Debug|Any CPU
		{62E907F9-A5AE-6AC6-47C8-19922FFB9C33}.Debug|x86.ActiveCfg = Debug|Any CPU
		{62E907F9-A5AE-6AC6-47C8-19922FFB9C33}.Debug|x86.Build.0 = Debug|Any CPU
		{62E907F9-A5AE-6AC6-47C8-19922FFB9C33}.Release|Any CPU.ActiveCfg = Debug|Any CPU
		{62E907F9-A5AE-6AC6-47C8-19922FFB9C33}.Release|Any CPU.Build.0 = Debug|Any CPU
		{62E907F9-A5AE-6AC6-47C8-19922FFB9C33}.Release|x64.ActiveCfg = Debug|Any CPU
		{62E907F9-A5AE-6AC6-47C8-19922FFB9C33}.Release|x64.Build.0 = Debug|Any CPU
		{62E907F9-A5AE-6AC6-47C8-19922FFB9C33}.Release|x86.ActiveCfg = Debug|Any CPU
		{62E907F9-A5AE-6AC6-47C8-19922FFB9C33}.Release|x86.Build.0 = Debug|Any CPU
		{F3957A05-32FB-7A1D-1800-93B541CF6D76}.Debug|Any CPU.ActiveCfg = Debug|Any CPU
		{F3957A05-32FB-7A1D-1800-93B541CF6D76}.Debug|Any CPU.Build.0 = Debug|Any CPU
		{F3957A05-32FB-7A1D-1800-93B541CF6D76}.Debug|x64.ActiveCfg = Debug|Any CPU
		{F3957A05-32FB-7A1D-1800-93B541CF6D76}.Debug|x64.Build.0 = Debug|Any CPU
		{F3957A05-32FB-7A1D-1800-93B541CF6D76}.Debug|x86.ActiveCfg = Debug|Any CPU
		{F3957A05-32FB-7A1D-1800-93B541CF6D76}.Debug|x86.Build.0 = Debug|Any CPU
		{F3957A05-32FB-7A1D-1800-93B541CF6D76}.Release|Any CPU.ActiveCfg = Debug|Any CPU
		{F3957A05-32FB-7A1D-1800-93B541CF6D76}.Release|Any CPU.Build.0 = Debug|Any CPU
		{F3957A05-32FB-7A1D-1800-93B541CF6D76}.Release|x64.ActiveCfg = Debug|Any CPU
		{F3957A05-32FB-7A1D-1800-93B541CF6D76}.Release|x64.Build.0 = Debug|Any CPU
		{F3957A05-32FB-7A1D-1800-93B541CF6D76}.Release|x86.ActiveCfg = Debug|Any CPU
		{F3957A05-32FB-7A1D-1800-93B541CF6D76}.Release|x86.Build.0 = Debug|Any CPU
		{99F19A12-8911-B619-55FB-E6FF52055C84}.Debug|Any CPU.ActiveCfg = Debug|Any CPU
		{99F19A12-8911-B619-55FB-E6FF52055C84}.Debug|Any CPU.Build.0 = Debug|Any CPU
		{99F19A12-8911-B619-55FB-E6FF52055C84}.Debug|x64.ActiveCfg = Debug|Any CPU
		{99F19A12-8911-B619-55FB-E6FF52055C84}.Debug|x64.Build.0 = Debug|Any CPU
		{99F19A12-8911-B619-55FB-E6FF52055C84}.Debug|x86.ActiveCfg = Debug|Any CPU
		{99F19A12-8911-B619-55FB-E6FF52055C84}.Debug|x86.Build.0 = Debug|Any CPU
		{99F19A12-8911-B619-55FB-E6FF52055C84}.Release|Any CPU.ActiveCfg = Debug|Any CPU
		{99F19A12-8911-B619-55FB-E6FF52055C84}.Release|Any CPU.Build.0 = Debug|Any CPU
		{99F19A12-8911-B619-55FB-E6FF52055C84}.Release|x64.ActiveCfg = Debug|Any CPU
		{99F19A12-8911-B619-55FB-E6FF52055C84}.Release|x64.Build.0 = Debug|Any CPU
		{99F19A12-8911-B619-55FB-E6FF52055C84}.Release|x86.ActiveCfg = Debug|Any CPU
		{99F19A12-8911-B619-55FB-E6FF52055C84}.Release|x86.Build.0 = Debug|Any CPU
		{B44FD70F-CAFF-9174-43A4-54A8EC7ECA8F}.Debug|Any CPU.ActiveCfg = Debug|Any CPU
		{B44FD70F-CAFF-9174-43A4-54A8EC7ECA8F}.Debug|Any CPU.Build.0 = Debug|Any CPU
		{B44FD70F-CAFF-9174-43A4-54A8EC7ECA8F}.Debug|x64.ActiveCfg = Debug|Any CPU
		{B44FD70F-CAFF-9174-43A4-54A8EC7ECA8F}.Debug|x64.Build.0 = Debug|Any CPU
		{B44FD70F-CAFF-9174-43A4-54A8EC7ECA8F}.Debug|x86.ActiveCfg = Debug|Any CPU
		{B44FD70F-CAFF-9174-43A4-54A8EC7ECA8F}.Debug|x86.Build.0 = Debug|Any CPU
		{B44FD70F-CAFF-9174-43A4-54A8EC7ECA8F}.Release|Any CPU.ActiveCfg = Debug|Any CPU
		{B44FD70F-CAFF-9174-43A4-54A8EC7ECA8F}.Release|Any CPU.Build.0 = Debug|Any CPU
		{B44FD70F-CAFF-9174-43A4-54A8EC7ECA8F}.Release|x64.ActiveCfg = Debug|Any CPU
		{B44FD70F-CAFF-9174-43A4-54A8EC7ECA8F}.Release|x64.Build.0 = Debug|Any CPU
		{B44FD70F-CAFF-9174-43A4-54A8EC7ECA8F}.Release|x86.ActiveCfg = Debug|Any CPU
		{B44FD70F-CAFF-9174-43A4-54A8EC7ECA8F}.Release|x86.Build.0 = Debug|Any CPU
		{52EA1C1B-17D1-6089-9DD0-586D46778A43}.Debug|Any CPU.ActiveCfg = Debug|Any CPU
		{52EA1C1B-17D1-6089-9DD0-586D46778A43}.Debug|Any CPU.Build.0 = Debug|Any CPU
		{52EA1C1B-17D1-6089-9DD0-586D46778A43}.Debug|x64.ActiveCfg = Debug|Any CPU
		{52EA1C1B-17D1-6089-9DD0-586D46778A43}.Debug|x64.Build.0 = Debug|Any CPU
		{52EA1C1B-17D1-6089-9DD0-586D46778A43}.Debug|x86.ActiveCfg = Debug|Any CPU
		{52EA1C1B-17D1-6089-9DD0-586D46778A43}.Debug|x86.Build.0 = Debug|Any CPU
		{52EA1C1B-17D1-6089-9DD0-586D46778A43}.Release|Any CPU.ActiveCfg = Debug|Any CPU
		{52EA1C1B-17D1-6089-9DD0-586D46778A43}.Release|Any CPU.Build.0 = Debug|Any CPU
		{52EA1C1B-17D1-6089-9DD0-586D46778A43}.Release|x64.ActiveCfg = Debug|Any CPU
		{52EA1C1B-17D1-6089-9DD0-586D46778A43}.Release|x64.Build.0 = Debug|Any CPU
		{52EA1C1B-17D1-6089-9DD0-586D46778A43}.Release|x86.ActiveCfg = Debug|Any CPU
		{52EA1C1B-17D1-6089-9DD0-586D46778A43}.Release|x86.Build.0 = Debug|Any CPU
		{331A0B3C-AFED-09B9-EDC3-7677B39A2DA2}.Debug|Any CPU.ActiveCfg = Debug|Any CPU
		{331A0B3C-AFED-09B9-EDC3-7677B39A2DA2}.Debug|Any CPU.Build.0 = Debug|Any CPU
		{331A0B3C-AFED-09B9-EDC3-7677B39A2DA2}.Debug|x64.ActiveCfg = Debug|Any CPU
		{331A0B3C-AFED-09B9-EDC3-7677B39A2DA2}.Debug|x64.Build.0 = Debug|Any CPU
		{331A0B3C-AFED-09B9-EDC3-7677B39A2DA2}.Debug|x86.ActiveCfg = Debug|Any CPU
		{331A0B3C-AFED-09B9-EDC3-7677B39A2DA2}.Debug|x86.Build.0 = Debug|Any CPU
		{331A0B3C-AFED-09B9-EDC3-7677B39A2DA2}.Release|Any CPU.ActiveCfg = Debug|Any CPU
		{331A0B3C-AFED-09B9-EDC3-7677B39A2DA2}.Release|Any CPU.Build.0 = Debug|Any CPU
		{331A0B3C-AFED-09B9-EDC3-7677B39A2DA2}.Release|x64.ActiveCfg = Debug|Any CPU
		{331A0B3C-AFED-09B9-EDC3-7677B39A2DA2}.Release|x64.Build.0 = Debug|Any CPU
		{331A0B3C-AFED-09B9-EDC3-7677B39A2DA2}.Release|x86.ActiveCfg = Debug|Any CPU
		{331A0B3C-AFED-09B9-EDC3-7677B39A2DA2}.Release|x86.Build.0 = Debug|Any CPU
		{E4617FA4-77C1-8DCF-3AEB-A2A133A794E8}.Debug|Any CPU.ActiveCfg = Debug|Any CPU
		{E4617FA4-77C1-8DCF-3AEB-A2A133A794E8}.Debug|Any CPU.Build.0 = Debug|Any CPU
		{E4617FA4-77C1-8DCF-3AEB-A2A133A794E8}.Debug|x64.ActiveCfg = Debug|Any CPU
		{E4617FA4-77C1-8DCF-3AEB-A2A133A794E8}.Debug|x64.Build.0 = Debug|Any CPU
		{E4617FA4-77C1-8DCF-3AEB-A2A133A794E8}.Debug|x86.ActiveCfg = Debug|Any CPU
		{E4617FA4-77C1-8DCF-3AEB-A2A133A794E8}.Debug|x86.Build.0 = Debug|Any CPU
		{E4617FA4-77C1-8DCF-3AEB-A2A133A794E8}.Release|Any CPU.ActiveCfg = Debug|Any CPU
		{E4617FA4-77C1-8DCF-3AEB-A2A133A794E8}.Release|Any CPU.Build.0 = Debug|Any CPU
		{E4617FA4-77C1-8DCF-3AEB-A2A133A794E8}.Release|x64.ActiveCfg = Debug|Any CPU
		{E4617FA4-77C1-8DCF-3AEB-A2A133A794E8}.Release|x64.Build.0 = Debug|Any CPU
		{E4617FA4-77C1-8DCF-3AEB-A2A133A794E8}.Release|x86.ActiveCfg = Debug|Any CPU
		{E4617FA4-77C1-8DCF-3AEB-A2A133A794E8}.Release|x86.Build.0 = Debug|Any CPU
		{D48A4E30-B3AE-A829-04ED-2B7AD4173096}.Debug|Any CPU.ActiveCfg = Debug|Any CPU
		{D48A4E30-B3AE-A829-04ED-2B7AD4173096}.Debug|Any CPU.Build.0 = Debug|Any CPU
		{D48A4E30-B3AE-A829-04ED-2B7AD4173096}.Debug|x64.ActiveCfg = Debug|Any CPU
		{D48A4E30-B3AE-A829-04ED-2B7AD4173096}.Debug|x64.Build.0 = Debug|Any CPU
		{D48A4E30-B3AE-A829-04ED-2B7AD4173096}.Debug|x86.ActiveCfg = Debug|Any CPU
		{D48A4E30-B3AE-A829-04ED-2B7AD4173096}.Debug|x86.Build.0 = Debug|Any CPU
		{D48A4E30-B3AE-A829-04ED-2B7AD4173096}.Release|Any CPU.ActiveCfg = Debug|Any CPU
		{D48A4E30-B3AE-A829-04ED-2B7AD4173096}.Release|Any CPU.Build.0 = Debug|Any CPU
		{D48A4E30-B3AE-A829-04ED-2B7AD4173096}.Release|x64.ActiveCfg = Debug|Any CPU
		{D48A4E30-B3AE-A829-04ED-2B7AD4173096}.Release|x64.Build.0 = Debug|Any CPU
		{D48A4E30-B3AE-A829-04ED-2B7AD4173096}.Release|x86.ActiveCfg = Debug|Any CPU
		{D48A4E30-B3AE-A829-04ED-2B7AD4173096}.Release|x86.Build.0 = Debug|Any CPU
		{70D3EFAA-3327-BD04-AFAE-952E7608D229}.Debug|Any CPU.ActiveCfg = Debug|Any CPU
		{70D3EFAA-3327-BD04-AFAE-952E7608D229}.Debug|Any CPU.Build.0 = Debug|Any CPU
		{70D3EFAA-3327-BD04-AFAE-952E7608D229}.Debug|x64.ActiveCfg = Debug|Any CPU
		{70D3EFAA-3327-BD04-AFAE-952E7608D229}.Debug|x64.Build.0 = Debug|Any CPU
		{70D3EFAA-3327-BD04-AFAE-952E7608D229}.Debug|x86.ActiveCfg = Debug|Any CPU
		{70D3EFAA-3327-BD04-AFAE-952E7608D229}.Debug|x86.Build.0 = Debug|Any CPU
		{70D3EFAA-3327-BD04-AFAE-952E7608D229}.Release|Any CPU.ActiveCfg = Debug|Any CPU
		{70D3EFAA-3327-BD04-AFAE-952E7608D229}.Release|Any CPU.Build.0 = Debug|Any CPU
		{70D3EFAA-3327-BD04-AFAE-952E7608D229}.Release|x64.ActiveCfg = Debug|Any CPU
		{70D3EFAA-3327-BD04-AFAE-952E7608D229}.Release|x64.Build.0 = Debug|Any CPU
		{70D3EFAA-3327-BD04-AFAE-952E7608D229}.Release|x86.ActiveCfg = Debug|Any CPU
		{70D3EFAA-3327-BD04-AFAE-952E7608D229}.Release|x86.Build.0 = Debug|Any CPU
		{4B2DB0C7-E293-1C35-965D-EE8D7C808E14}.Debug|Any CPU.ActiveCfg = Debug|Any CPU
		{4B2DB0C7-E293-1C35-965D-EE8D7C808E14}.Debug|Any CPU.Build.0 = Debug|Any CPU
		{4B2DB0C7-E293-1C35-965D-EE8D7C808E14}.Debug|x64.ActiveCfg = Debug|Any CPU
		{4B2DB0C7-E293-1C35-965D-EE8D7C808E14}.Debug|x64.Build.0 = Debug|Any CPU
		{4B2DB0C7-E293-1C35-965D-EE8D7C808E14}.Debug|x86.ActiveCfg = Debug|Any CPU
		{4B2DB0C7-E293-1C35-965D-EE8D7C808E14}.Debug|x86.Build.0 = Debug|Any CPU
		{4B2DB0C7-E293-1C35-965D-EE8D7C808E14}.Release|Any CPU.ActiveCfg = Debug|Any CPU
		{4B2DB0C7-E293-1C35-965D-EE8D7C808E14}.Release|Any CPU.Build.0 = Debug|Any CPU
		{4B2DB0C7-E293-1C35-965D-EE8D7C808E14}.Release|x64.ActiveCfg = Debug|Any CPU
		{4B2DB0C7-E293-1C35-965D-EE8D7C808E14}.Release|x64.Build.0 = Debug|Any CPU
		{4B2DB0C7-E293-1C35-965D-EE8D7C808E14}.Release|x86.ActiveCfg = Debug|Any CPU
		{4B2DB0C7-E293-1C35-965D-EE8D7C808E14}.Release|x86.Build.0 = Debug|Any CPU
		{008B1599-8CAD-37CA-D0C3-DB308574902F}.Debug|Any CPU.ActiveCfg = Debug|Any CPU
		{008B1599-8CAD-37CA-D0C3-DB308574902F}.Debug|Any CPU.Build.0 = Debug|Any CPU
		{008B1599-8CAD-37CA-D0C3-DB308574902F}.Debug|x64.ActiveCfg = Debug|Any CPU
		{008B1599-8CAD-37CA-D0C3-DB308574902F}.Debug|x64.Build.0 = Debug|Any CPU
		{008B1599-8CAD-37CA-D0C3-DB308574902F}.Debug|x86.ActiveCfg = Debug|Any CPU
		{008B1599-8CAD-37CA-D0C3-DB308574902F}.Debug|x86.Build.0 = Debug|Any CPU
		{008B1599-8CAD-37CA-D0C3-DB308574902F}.Release|Any CPU.ActiveCfg = Debug|Any CPU
		{008B1599-8CAD-37CA-D0C3-DB308574902F}.Release|Any CPU.Build.0 = Debug|Any CPU
		{008B1599-8CAD-37CA-D0C3-DB308574902F}.Release|x64.ActiveCfg = Debug|Any CPU
		{008B1599-8CAD-37CA-D0C3-DB308574902F}.Release|x64.Build.0 = Debug|Any CPU
		{008B1599-8CAD-37CA-D0C3-DB308574902F}.Release|x86.ActiveCfg = Debug|Any CPU
		{008B1599-8CAD-37CA-D0C3-DB308574902F}.Release|x86.Build.0 = Debug|Any CPU
		{2CF9A444-C227-40A6-89A8-A31D7A131694}.Debug|Any CPU.ActiveCfg = Debug|Any CPU
		{2CF9A444-C227-40A6-89A8-A31D7A131694}.Debug|Any CPU.Build.0 = Debug|Any CPU
		{2CF9A444-C227-40A6-89A8-A31D7A131694}.Debug|x64.ActiveCfg = Debug|Any CPU
		{2CF9A444-C227-40A6-89A8-A31D7A131694}.Debug|x64.Build.0 = Debug|Any CPU
		{2CF9A444-C227-40A6-89A8-A31D7A131694}.Debug|x86.ActiveCfg = Debug|Any CPU
		{2CF9A444-C227-40A6-89A8-A31D7A131694}.Debug|x86.Build.0 = Debug|Any CPU
		{2CF9A444-C227-40A6-89A8-A31D7A131694}.Release|Any CPU.ActiveCfg = Release|Any CPU
		{2CF9A444-C227-40A6-89A8-A31D7A131694}.Release|Any CPU.Build.0 = Release|Any CPU
		{2CF9A444-C227-40A6-89A8-A31D7A131694}.Release|x64.ActiveCfg = Release|Any CPU
		{2CF9A444-C227-40A6-89A8-A31D7A131694}.Release|x64.Build.0 = Release|Any CPU
		{2CF9A444-C227-40A6-89A8-A31D7A131694}.Release|x86.ActiveCfg = Release|Any CPU
		{2CF9A444-C227-40A6-89A8-A31D7A131694}.Release|x86.Build.0 = Release|Any CPU
		{28471F87-4E0F-5B7F-D2F4-2CA0494E1E14}.Debug|Any CPU.ActiveCfg = Debug|Any CPU
		{28471F87-4E0F-5B7F-D2F4-2CA0494E1E14}.Debug|Any CPU.Build.0 = Debug|Any CPU
		{28471F87-4E0F-5B7F-D2F4-2CA0494E1E14}.Debug|x64.ActiveCfg = Debug|Any CPU
		{28471F87-4E0F-5B7F-D2F4-2CA0494E1E14}.Debug|x64.Build.0 = Debug|Any CPU
		{28471F87-4E0F-5B7F-D2F4-2CA0494E1E14}.Debug|x86.ActiveCfg = Debug|Any CPU
		{28471F87-4E0F-5B7F-D2F4-2CA0494E1E14}.Debug|x86.Build.0 = Debug|Any CPU
		{28471F87-4E0F-5B7F-D2F4-2CA0494E1E14}.Release|Any CPU.ActiveCfg = Debug|Any CPU
		{28471F87-4E0F-5B7F-D2F4-2CA0494E1E14}.Release|Any CPU.Build.0 = Debug|Any CPU
		{28471F87-4E0F-5B7F-D2F4-2CA0494E1E14}.Release|x64.ActiveCfg = Debug|Any CPU
		{28471F87-4E0F-5B7F-D2F4-2CA0494E1E14}.Release|x64.Build.0 = Debug|Any CPU
		{28471F87-4E0F-5B7F-D2F4-2CA0494E1E14}.Release|x86.ActiveCfg = Debug|Any CPU
		{28471F87-4E0F-5B7F-D2F4-2CA0494E1E14}.Release|x86.Build.0 = Debug|Any CPU
		{1F745615-3CC5-D8A3-AC54-90C456B11019}.Debug|Any CPU.ActiveCfg = Debug|Any CPU
		{1F745615-3CC5-D8A3-AC54-90C456B11019}.Debug|Any CPU.Build.0 = Debug|Any CPU
		{1F745615-3CC5-D8A3-AC54-90C456B11019}.Debug|x64.ActiveCfg = Debug|Any CPU
		{1F745615-3CC5-D8A3-AC54-90C456B11019}.Debug|x64.Build.0 = Debug|Any CPU
		{1F745615-3CC5-D8A3-AC54-90C456B11019}.Debug|x86.ActiveCfg = Debug|Any CPU
		{1F745615-3CC5-D8A3-AC54-90C456B11019}.Debug|x86.Build.0 = Debug|Any CPU
		{1F745615-3CC5-D8A3-AC54-90C456B11019}.Release|Any CPU.ActiveCfg = Debug|Any CPU
		{1F745615-3CC5-D8A3-AC54-90C456B11019}.Release|Any CPU.Build.0 = Debug|Any CPU
		{1F745615-3CC5-D8A3-AC54-90C456B11019}.Release|x64.ActiveCfg = Debug|Any CPU
		{1F745615-3CC5-D8A3-AC54-90C456B11019}.Release|x64.Build.0 = Debug|Any CPU
		{1F745615-3CC5-D8A3-AC54-90C456B11019}.Release|x86.ActiveCfg = Debug|Any CPU
		{1F745615-3CC5-D8A3-AC54-90C456B11019}.Release|x86.Build.0 = Debug|Any CPU
		{F3FB01B4-0CA8-943A-5ED3-CA3A0C481283}.Debug|Any CPU.ActiveCfg = Debug|Any CPU
		{F3FB01B4-0CA8-943A-5ED3-CA3A0C481283}.Debug|Any CPU.Build.0 = Debug|Any CPU
		{F3FB01B4-0CA8-943A-5ED3-CA3A0C481283}.Debug|x64.ActiveCfg = Debug|Any CPU
		{F3FB01B4-0CA8-943A-5ED3-CA3A0C481283}.Debug|x64.Build.0 = Debug|Any CPU
		{F3FB01B4-0CA8-943A-5ED3-CA3A0C481283}.Debug|x86.ActiveCfg = Debug|Any CPU
		{F3FB01B4-0CA8-943A-5ED3-CA3A0C481283}.Debug|x86.Build.0 = Debug|Any CPU
		{F3FB01B4-0CA8-943A-5ED3-CA3A0C481283}.Release|Any CPU.ActiveCfg = Debug|Any CPU
		{F3FB01B4-0CA8-943A-5ED3-CA3A0C481283}.Release|Any CPU.Build.0 = Debug|Any CPU
		{F3FB01B4-0CA8-943A-5ED3-CA3A0C481283}.Release|x64.ActiveCfg = Debug|Any CPU
		{F3FB01B4-0CA8-943A-5ED3-CA3A0C481283}.Release|x64.Build.0 = Debug|Any CPU
		{F3FB01B4-0CA8-943A-5ED3-CA3A0C481283}.Release|x86.ActiveCfg = Debug|Any CPU
		{F3FB01B4-0CA8-943A-5ED3-CA3A0C481283}.Release|x86.Build.0 = Debug|Any CPU
		{80627A4F-F18F-6DE4-8D19-61DB5CB0C6A5}.Debug|Any CPU.ActiveCfg = Debug|Any CPU
		{80627A4F-F18F-6DE4-8D19-61DB5CB0C6A5}.Debug|Any CPU.Build.0 = Debug|Any CPU
		{80627A4F-F18F-6DE4-8D19-61DB5CB0C6A5}.Debug|x64.ActiveCfg = Debug|Any CPU
		{80627A4F-F18F-6DE4-8D19-61DB5CB0C6A5}.Debug|x64.Build.0 = Debug|Any CPU
		{80627A4F-F18F-6DE4-8D19-61DB5CB0C6A5}.Debug|x86.ActiveCfg = Debug|Any CPU
		{80627A4F-F18F-6DE4-8D19-61DB5CB0C6A5}.Debug|x86.Build.0 = Debug|Any CPU
		{80627A4F-F18F-6DE4-8D19-61DB5CB0C6A5}.Release|Any CPU.ActiveCfg = Debug|Any CPU
		{80627A4F-F18F-6DE4-8D19-61DB5CB0C6A5}.Release|Any CPU.Build.0 = Debug|Any CPU
		{80627A4F-F18F-6DE4-8D19-61DB5CB0C6A5}.Release|x64.ActiveCfg = Debug|Any CPU
		{80627A4F-F18F-6DE4-8D19-61DB5CB0C6A5}.Release|x64.Build.0 = Debug|Any CPU
		{80627A4F-F18F-6DE4-8D19-61DB5CB0C6A5}.Release|x86.ActiveCfg = Debug|Any CPU
		{80627A4F-F18F-6DE4-8D19-61DB5CB0C6A5}.Release|x86.Build.0 = Debug|Any CPU
	EndGlobalSection
	GlobalSection(SolutionProperties) = preSolution
		HideSolutionNode = FALSE
	EndGlobalSection
	GlobalSection(NestedProjects) = preSolution
		{CCF5D7E3-D5C6-4DE6-BB2D-1A931602F1AB} = {46008B91-6EC0-448B-8D1A-D8C6D2EEBEF4}
		{1059524B-9F01-4C3E-8A7C-6BBDD1D174C7} = {46008B91-6EC0-448B-8D1A-D8C6D2EEBEF4}
		{6AFC109E-85DE-4A14-9C81-95D93C3F90AE} = {46008B91-6EC0-448B-8D1A-D8C6D2EEBEF4}
		{4B15C845-B5BD-4105-AE91-9B057F8AC134} = {46008B91-6EC0-448B-8D1A-D8C6D2EEBEF4}
		{FCB2EF97-BA34-49F7-B859-68E1AC98877E} = {1272AF7B-A962-4BA4-8A9C-FFA7E131A0AC}
		{1D028A2B-515C-49E2-923B-094CBD89BE5A} = {1272AF7B-A962-4BA4-8A9C-FFA7E131A0AC}
		{1D5E890A-C9D5-45DF-B098-73DBE39EB311} = {46008B91-6EC0-448B-8D1A-D8C6D2EEBEF4}
		{4840477F-9206-41AE-A893-DB58517BA39A} = {914C77C9-212A-4DD0-8D9A-074620E77FAA}
		{99F19A12-8911-B619-55FB-E6FF52055C84} = {4840477F-9206-41AE-A893-DB58517BA39A}
		{62E907F9-A5AE-6AC6-47C8-19922FFB9C33} = {4840477F-9206-41AE-A893-DB58517BA39A}
		{F3957A05-32FB-7A1D-1800-93B541CF6D76} = {4840477F-9206-41AE-A893-DB58517BA39A}
		{B3E5B0B7-19BA-4A9A-9B0D-44A7598962C2} = {914C77C9-212A-4DD0-8D9A-074620E77FAA}
		{77B9CF0B-8094-494D-9771-0D45DA5CC4B9} = {B3E5B0B7-19BA-4A9A-9B0D-44A7598962C2}
		{B44FD70F-CAFF-9174-43A4-54A8EC7ECA8F} = {77B9CF0B-8094-494D-9771-0D45DA5CC4B9}
		{52EA1C1B-17D1-6089-9DD0-586D46778A43} = {77B9CF0B-8094-494D-9771-0D45DA5CC4B9}
		{331A0B3C-AFED-09B9-EDC3-7677B39A2DA2} = {77B9CF0B-8094-494D-9771-0D45DA5CC4B9}
		{E4617FA4-77C1-8DCF-3AEB-A2A133A794E8} = {77B9CF0B-8094-494D-9771-0D45DA5CC4B9}
		{D48A4E30-B3AE-A829-04ED-2B7AD4173096} = {77B9CF0B-8094-494D-9771-0D45DA5CC4B9}
		{70D3EFAA-3327-BD04-AFAE-952E7608D229} = {B3E5B0B7-19BA-4A9A-9B0D-44A7598962C2}
		{4B2DB0C7-E293-1C35-965D-EE8D7C808E14} = {4840477F-9206-41AE-A893-DB58517BA39A}
		{008B1599-8CAD-37CA-D0C3-DB308574902F} = {4840477F-9206-41AE-A893-DB58517BA39A}
		{2CF9A444-C227-40A6-89A8-A31D7A131694} = {1272AF7B-A962-4BA4-8A9C-FFA7E131A0AC}
		{28471F87-4E0F-5B7F-D2F4-2CA0494E1E14} = {4840477F-9206-41AE-A893-DB58517BA39A}
		{1F745615-3CC5-D8A3-AC54-90C456B11019} = {4840477F-9206-41AE-A893-DB58517BA39A}
		{F3FB01B4-0CA8-943A-5ED3-CA3A0C481283} = {4840477F-9206-41AE-A893-DB58517BA39A}
		{80627A4F-F18F-6DE4-8D19-61DB5CB0C6A5} = {4840477F-9206-41AE-A893-DB58517BA39A}
	EndGlobalSection
	GlobalSection(ExtensibilityGlobals) = postSolution
		SolutionGuid = {EABC01E3-3EB5-47EF-B46E-AAD8BB3585F1}
	EndGlobalSection
EndGlobal
