
Microsoft Visual Studio Solution File, Format Version 12.00
# Visual Studio Version 17
VisualStudioVersion = 17.0.31903.59
MinimumVisualStudioVersion = 10.0.40219.1
Project("{2150E333-8FDC-42A3-9474-1A3956D46DE8}") = "DotNet", "DotNet", "{46008B91-6EC0-448B-8D1A-D8C6D2EEBEF4}"
EndProject
Project("{FAE04EC0-301F-11D3-BF4B-00C04F79EFBC}") = "DotNet.ThirdParty", "DotNet\ThirdParty\DotNet.ThirdParty.csproj", "{4B15C845-B5BD-4105-AE91-9B057F8AC134}"
EndProject
Project("{2150E333-8FDC-42A3-9474-1A3956D46DE8}") = "Share", "Share", "{1272AF7B-A962-4BA4-8A9C-FFA7E131A0AC}"
EndProject
Project("{FAE04EC0-301F-11D3-BF4B-00C04F79EFBC}") = "Share.Analyzer", "Share\Analyzer\Share.Analyzer.csproj", "{FCB2EF97-BA34-49F7-B859-68E1AC98877E}"
EndProject
Project("{FAE04EC0-301F-11D3-BF4B-00C04F79EFBC}") = "Share.Tool", "Share\Tool\Share.Tool.csproj", "{1D028A2B-515C-49E2-923B-094CBD89BE5A}"
EndProject
Project("{FAE04EC0-301F-11D3-BF4B-00C04F79EFBC}") = "Share.FileServer", "Share\FileServer\Share.FileServer.csproj", "{2CF9A444-C227-40A6-89A8-A31D7A131694}"
EndProject
Project("{FAE04EC0-301F-11D3-BF4B-00C04F79EFBC}") = "Share.SourceGenerator", "Share\Share.SourceGenerator\Share.SourceGenerator.csproj", "{EE473828-55A5-4134-8515-D805CD576CF0}"
EndProject
Project("{FAE04EC0-301F-11D3-BF4B-00C04F79EFBC}") = "DotNet.Core", "DotNet\Core\DotNet.Core.csproj", "{FE5BD9E4-B8AA-4A19-8AD5-CEBF30F15005}"
EndProject
Global
	GlobalSection(SolutionConfigurationPlatforms) = preSolution
		Debug|Any CPU = Debug|Any CPU
		Debug|x64 = Debug|x64
		Debug|x86 = Debug|x86
		Release|Any CPU = Release|Any CPU
		Release|x64 = Release|x64
		Release|x86 = Release|x86
	EndGlobalSection
	GlobalSection(ProjectConfigurationPlatforms) = postSolution
		{4B15C845-B5BD-4105-AE91-9B057F8AC134}.Debug|x64.ActiveCfg = Debug|Any CPU
		{4B15C845-B5BD-4105-AE91-9B057F8AC134}.Debug|x64.Build.0 = Debug|Any CPU
		{4B15C845-B5BD-4105-AE91-9B057F8AC134}.Debug|x86.ActiveCfg = Debug|Any CPU
		{4B15C845-B5BD-4105-AE91-9B057F8AC134}.Debug|x86.Build.0 = Debug|Any CPU
		{4B15C845-B5BD-4105-AE91-9B057F8AC134}.Release|Any CPU.ActiveCfg = Release|Any CPU
		{4B15C845-B5BD-4105-AE91-9B057F8AC134}.Release|Any CPU.Build.0 = Release|Any CPU
		{4B15C845-B5BD-4105-AE91-9B057F8AC134}.Release|x64.ActiveCfg = Release|Any CPU
		{4B15C845-B5BD-4105-AE91-9B057F8AC134}.Release|x64.Build.0 = Release|Any CPU
		{4B15C845-B5BD-4105-AE91-9B057F8AC134}.Release|x86.ActiveCfg = Release|Any CPU
		{4B15C845-B5BD-4105-AE91-9B057F8AC134}.Release|x86.Build.0 = Release|Any CPU
		{4B15C845-B5BD-4105-AE91-9B057F8AC134}.Debug|Any CPU.ActiveCfg = Debug|Any CPU
		{4B15C845-B5BD-4105-AE91-9B057F8AC134}.Debug|Any CPU.Build.0 = Debug|Any CPU
		{FCB2EF97-BA34-49F7-B859-68E1AC98877E}.Debug|Any CPU.ActiveCfg = Debug|Any CPU
		{FCB2EF97-BA34-49F7-B859-68E1AC98877E}.Debug|Any CPU.Build.0 = Debug|Any CPU
		{FCB2EF97-BA34-49F7-B859-68E1AC98877E}.Debug|x64.ActiveCfg = Debug|Any CPU
		{FCB2EF97-BA34-49F7-B859-68E1AC98877E}.Debug|x64.Build.0 = Debug|Any CPU
		{FCB2EF97-BA34-49F7-B859-68E1AC98877E}.Debug|x86.ActiveCfg = Debug|Any CPU
		{FCB2EF97-BA34-49F7-B859-68E1AC98877E}.Debug|x86.Build.0 = Debug|Any CPU
		{FCB2EF97-BA34-49F7-B859-68E1AC98877E}.Release|Any CPU.ActiveCfg = Release|Any CPU
		{FCB2EF97-BA34-49F7-B859-68E1AC98877E}.Release|Any CPU.Build.0 = Release|Any CPU
		{FCB2EF97-BA34-49F7-B859-68E1AC98877E}.Release|x64.ActiveCfg = Release|Any CPU
		{FCB2EF97-BA34-49F7-B859-68E1AC98877E}.Release|x64.Build.0 = Release|Any CPU
		{FCB2EF97-BA34-49F7-B859-68E1AC98877E}.Release|x86.ActiveCfg = Release|Any CPU
		{FCB2EF97-BA34-49F7-B859-68E1AC98877E}.Release|x86.Build.0 = Release|Any CPU
		{1D028A2B-515C-49E2-923B-094CBD89BE5A}.Debug|Any CPU.ActiveCfg = Debug|Any CPU
		{1D028A2B-515C-49E2-923B-094CBD89BE5A}.Debug|Any CPU.Build.0 = Debug|Any CPU
		{1D028A2B-515C-49E2-923B-094CBD89BE5A}.Debug|x64.ActiveCfg = Debug|Any CPU
		{1D028A2B-515C-49E2-923B-094CBD89BE5A}.Debug|x64.Build.0 = Debug|Any CPU
		{1D028A2B-515C-49E2-923B-094CBD89BE5A}.Debug|x86.ActiveCfg = Debug|Any CPU
		{1D028A2B-515C-49E2-923B-094CBD89BE5A}.Debug|x86.Build.0 = Debug|Any CPU
		{1D028A2B-515C-49E2-923B-094CBD89BE5A}.Release|Any CPU.ActiveCfg = Release|Any CPU
		{1D028A2B-515C-49E2-923B-094CBD89BE5A}.Release|Any CPU.Build.0 = Release|Any CPU
		{1D028A2B-515C-49E2-923B-094CBD89BE5A}.Release|x64.ActiveCfg = Release|Any CPU
		{1D028A2B-515C-49E2-923B-094CBD89BE5A}.Release|x64.Build.0 = Release|Any CPU
		{1D028A2B-515C-49E2-923B-094CBD89BE5A}.Release|x86.ActiveCfg = Release|Any CPU
		{1D028A2B-515C-49E2-923B-094CBD89BE5A}.Release|x86.Build.0 = Release|Any CPU
		{2CF9A444-C227-40A6-89A8-A31D7A131694}.Debug|Any CPU.ActiveCfg = Debug|Any CPU
		{2CF9A444-C227-40A6-89A8-A31D7A131694}.Debug|Any CPU.Build.0 = Debug|Any CPU
		{2CF9A444-C227-40A6-89A8-A31D7A131694}.Debug|x64.ActiveCfg = Debug|Any CPU
		{2CF9A444-C227-40A6-89A8-A31D7A131694}.Debug|x64.Build.0 = Debug|Any CPU
		{2CF9A444-C227-40A6-89A8-A31D7A131694}.Debug|x86.ActiveCfg = Debug|Any CPU
		{2CF9A444-C227-40A6-89A8-A31D7A131694}.Debug|x86.Build.0 = Debug|Any CPU
		{2CF9A444-C227-40A6-89A8-A31D7A131694}.Release|Any CPU.ActiveCfg = Release|Any CPU
		{2CF9A444-C227-40A6-89A8-A31D7A131694}.Release|Any CPU.Build.0 = Release|Any CPU
		{2CF9A444-C227-40A6-89A8-A31D7A131694}.Release|x64.ActiveCfg = Release|Any CPU
		{2CF9A444-C227-40A6-89A8-A31D7A131694}.Release|x64.Build.0 = Release|Any CPU
		{2CF9A444-C227-40A6-89A8-A31D7A131694}.Release|x86.ActiveCfg = Release|Any CPU
		{2CF9A444-C227-40A6-89A8-A31D7A131694}.Release|x86.Build.0 = Release|Any CPU
		{EE473828-55A5-4134-8515-D805CD576CF0}.Debug|Any CPU.ActiveCfg = Debug|Any CPU
		{EE473828-55A5-4134-8515-D805CD576CF0}.Debug|Any CPU.Build.0 = Debug|Any CPU
		{EE473828-55A5-4134-8515-D805CD576CF0}.Debug|x64.ActiveCfg = Debug|Any CPU
		{EE473828-55A5-4134-8515-D805CD576CF0}.Debug|x64.Build.0 = Debug|Any CPU
		{EE473828-55A5-4134-8515-D805CD576CF0}.Debug|x86.ActiveCfg = Debug|Any CPU
		{EE473828-55A5-4134-8515-D805CD576CF0}.Debug|x86.Build.0 = Debug|Any CPU
		{EE473828-55A5-4134-8515-D805CD576CF0}.Release|Any CPU.ActiveCfg = Release|Any CPU
		{EE473828-55A5-4134-8515-D805CD576CF0}.Release|Any CPU.Build.0 = Release|Any CPU
		{EE473828-55A5-4134-8515-D805CD576CF0}.Release|x64.ActiveCfg = Release|Any CPU
		{EE473828-55A5-4134-8515-D805CD576CF0}.Release|x64.Build.0 = Release|Any CPU
		{EE473828-55A5-4134-8515-D805CD576CF0}.Release|x86.ActiveCfg = Release|Any CPU
		{EE473828-55A5-4134-8515-D805CD576CF0}.Release|x86.Build.0 = Release|Any CPU
		{FE5BD9E4-B8AA-4A19-8AD5-CEBF30F15005}.Debug|Any CPU.ActiveCfg = Debug|Any CPU
		{FE5BD9E4-B8AA-4A19-8AD5-CEBF30F15005}.Debug|Any CPU.Build.0 = Debug|Any CPU
		{FE5BD9E4-B8AA-4A19-8AD5-CEBF30F15005}.Debug|x64.ActiveCfg = Debug|Any CPU
		{FE5BD9E4-B8AA-4A19-8AD5-CEBF30F15005}.Debug|x64.Build.0 = Debug|Any CPU
		{FE5BD9E4-B8AA-4A19-8AD5-CEBF30F15005}.Debug|x86.ActiveCfg = Debug|Any CPU
		{FE5BD9E4-B8AA-4A19-8AD5-CEBF30F15005}.Debug|x86.Build.0 = Debug|Any CPU
		{FE5BD9E4-B8AA-4A19-8AD5-CEBF30F15005}.Release|Any CPU.ActiveCfg = Release|Any CPU
		{FE5BD9E4-B8AA-4A19-8AD5-CEBF30F15005}.Release|Any CPU.Build.0 = Release|Any CPU
		{FE5BD9E4-B8AA-4A19-8AD5-CEBF30F15005}.Release|x64.ActiveCfg = Release|Any CPU
		{FE5BD9E4-B8AA-4A19-8AD5-CEBF30F15005}.Release|x64.Build.0 = Release|Any CPU
		{FE5BD9E4-B8AA-4A19-8AD5-CEBF30F15005}.Release|x86.ActiveCfg = Release|Any CPU
		{FE5BD9E4-B8AA-4A19-8AD5-CEBF30F15005}.Release|x86.Build.0 = Release|Any CPU
	EndGlobalSection
	GlobalSection(SolutionProperties) = preSolution
		HideSolutionNode = FALSE
	EndGlobalSection
	GlobalSection(NestedProjects) = preSolution
		{4B15C845-B5BD-4105-AE91-9B057F8AC134} = {46008B91-6EC0-448B-8D1A-D8C6D2EEBEF4}
		{FCB2EF97-BA34-49F7-B859-68E1AC98877E} = {1272AF7B-A962-4BA4-8A9C-FFA7E131A0AC}
		{1D028A2B-515C-49E2-923B-094CBD89BE5A} = {1272AF7B-A962-4BA4-8A9C-FFA7E131A0AC}
		{2CF9A444-C227-40A6-89A8-A31D7A131694} = {1272AF7B-A962-4BA4-8A9C-FFA7E131A0AC}
		{EE473828-55A5-4134-8515-D805CD576CF0} = {1272AF7B-A962-4BA4-8A9C-FFA7E131A0AC}
		{FE5BD9E4-B8AA-4A19-8AD5-CEBF30F15005} = {46008B91-6EC0-448B-8D1A-D8C6D2EEBEF4}
	EndGlobalSection
	GlobalSection(ExtensibilityGlobals) = postSolution
		SolutionGuid = {EABC01E3-3EB5-47EF-B46E-AAD8BB3585F1}
	EndGlobalSection
EndGlobal
